// !$*UTF8*$!
{
	archiveVersion = 1;
	classes = {
	};
	objectVersion = 50;
	objects = {

/* Begin PBXBuildFile section */
		E000A2EE251EECD2007EFFFF /* WidgetKit.framework in Frameworks */ = {isa = PBXBuildFile; fileRef = E000A2ED251EECD2007EFFFF /* WidgetKit.framework */; };
		E000A2F0251EECD2007EFFFF /* SwiftUI.framework in Frameworks */ = {isa = PBXBuildFile; fileRef = E000A2EF251EECD2007EFFFF /* SwiftUI.framework */; };
		E000A2F3251EECD2007EFFFF /* Clips_Widget_2.swift in Sources */ = {isa = PBXBuildFile; fileRef = E000A2F2251EECD2007EFFFF /* Clips_Widget_2.swift */; };
		E000A2F5251EECD6007EFFFF /* Assets.xcassets in Resources */ = {isa = PBXBuildFile; fileRef = E000A2F4251EECD6007EFFFF /* Assets.xcassets */; };
		E000A2F9251EECD6007EFFFF /* Clips Widget 2Extension.appex in Embed App Extensions */ = {isa = PBXBuildFile; fileRef = E000A2EC251EECD2007EFFFF /* Clips Widget 2Extension.appex */; settings = {ATTRIBUTES = (RemoveHeadersOnCopy, ); }; };
		E0025F3D2511239A00DB66DC /* KeyboardFolderCell.xib in Resources */ = {isa = PBXBuildFile; fileRef = E0025F3C2511239A00DB66DC /* KeyboardFolderCell.xib */; };
		E0025F3F251123D800DB66DC /* KeyboardFolderCell.swift in Sources */ = {isa = PBXBuildFile; fileRef = E0025F3E251123D800DB66DC /* KeyboardFolderCell.swift */; };
		E00453E326D98F2B00F38D51 /* Intents.framework in Frameworks */ = {isa = PBXBuildFile; fileRef = E00453E226D98F2B00F38D51 /* Intents.framework */; };
		E00453E626D98F2B00F38D51 /* IntentHandler.swift in Sources */ = {isa = PBXBuildFile; fileRef = E00453E526D98F2B00F38D51 /* IntentHandler.swift */; };
		E00453EA26D98F2B00F38D51 /* ClipsIntents.appex in Embed App Extensions */ = {isa = PBXBuildFile; fileRef = E00453E126D98F2B00F38D51 /* ClipsIntents.appex */; settings = {ATTRIBUTES = (RemoveHeadersOnCopy, ); }; };
		E0071DE721CB154D00B75D4C /* KeyboardClipCell.xib in Resources */ = {isa = PBXBuildFile; fileRef = E0071DE621CB154D00B75D4C /* KeyboardClipCell.xib */; };
		E0071DE921CB171100B75D4C /* KeyboardClipCell.swift in Sources */ = {isa = PBXBuildFile; fileRef = E0071DE821CB171100B75D4C /* KeyboardClipCell.swift */; };
		E0079EDC25068C9100F3BC10 /* FolderPickerTableViewCell.swift in Sources */ = {isa = PBXBuildFile; fileRef = E0079EDB25068C9100F3BC10 /* FolderPickerTableViewCell.swift */; };
		E017418324E49B0C0007E667 /* FolderTableViewCell.swift in Sources */ = {isa = PBXBuildFile; fileRef = E017418224E49B0C0007E667 /* FolderTableViewCell.swift */; };
		E03B9EB923E7DE25001206EF /* Colors.xcassets in Resources */ = {isa = PBXBuildFile; fileRef = E03B9EB823E7DE25001206EF /* Colors.xcassets */; };
		E03B9EBA23E7DE25001206EF /* Colors.xcassets in Resources */ = {isa = PBXBuildFile; fileRef = E03B9EB823E7DE25001206EF /* Colors.xcassets */; };
		E03B9EBB23E7DE25001206EF /* Colors.xcassets in Resources */ = {isa = PBXBuildFile; fileRef = E03B9EB823E7DE25001206EF /* Colors.xcassets */; };
		E03B9EBC23E7DE25001206EF /* Colors.xcassets in Resources */ = {isa = PBXBuildFile; fileRef = E03B9EB823E7DE25001206EF /* Colors.xcassets */; };
		E04106BD219D04F100DD68AD /* NotificationCenter.framework in Frameworks */ = {isa = PBXBuildFile; fileRef = E04106BC219D04F100DD68AD /* NotificationCenter.framework */; };
		E04106C0219D04F100DD68AD /* TodayViewController.swift in Sources */ = {isa = PBXBuildFile; fileRef = E04106BF219D04F100DD68AD /* TodayViewController.swift */; };
		E04106C3219D04F100DD68AD /* MainInterface.storyboard in Resources */ = {isa = PBXBuildFile; fileRef = E04106C1219D04F100DD68AD /* MainInterface.storyboard */; };
		E04106C7219D04F100DD68AD /* Copy Better Widget.appex in Embed App Extensions */ = {isa = PBXBuildFile; fileRef = E04106BA219D04F100DD68AD /* Copy Better Widget.appex */; settings = {ATTRIBUTES = (RemoveHeadersOnCopy, ); }; };
		E041A72E21E3D65700B58DD5 /* ShareViewController.swift in Sources */ = {isa = PBXBuildFile; fileRef = E041A72D21E3D65700B58DD5 /* ShareViewController.swift */; };
		E041A73121E3D65700B58DD5 /* MainInterface.storyboard in Resources */ = {isa = PBXBuildFile; fileRef = E041A72F21E3D65700B58DD5 /* MainInterface.storyboard */; };
		E041A73521E3D65800B58DD5 /* Copy Better Share.appex in Embed App Extensions */ = {isa = PBXBuildFile; fileRef = E041A72B21E3D65700B58DD5 /* Copy Better Share.appex */; settings = {ATTRIBUTES = (RemoveHeadersOnCopy, ); }; };
		E041A73A21E3DA3E00B58DD5 /* ShareConfigureViewController.swift in Sources */ = {isa = PBXBuildFile; fileRef = E041A73921E3DA3E00B58DD5 /* ShareConfigureViewController.swift */; };
		E041A74121E3DBDC00B58DD5 /* Localizable.strings in Resources */ = {isa = PBXBuildFile; fileRef = E06EC94D21C5ACA100687F9E /* Localizable.strings */; };
		E056F8F120CEE46C0025E2FE /* AppDelegate.swift in Sources */ = {isa = PBXBuildFile; fileRef = E056F8F020CEE46C0025E2FE /* AppDelegate.swift */; };
		E056F8F620CEE46C0025E2FE /* Main.storyboard in Resources */ = {isa = PBXBuildFile; fileRef = E056F8F420CEE46C0025E2FE /* Main.storyboard */; };
		E056F8FB20CEE46E0025E2FE /* Assets.xcassets in Resources */ = {isa = PBXBuildFile; fileRef = E056F8FA20CEE46E0025E2FE /* Assets.xcassets */; };
		E056F8FE20CEE46E0025E2FE /* LaunchScreen.storyboard in Resources */ = {isa = PBXBuildFile; fileRef = E056F8FC20CEE46E0025E2FE /* LaunchScreen.storyboard */; };
		E05CAEE421CB3BB2003C3BB4 /* Localizable.strings in Resources */ = {isa = PBXBuildFile; fileRef = E06EC94D21C5ACA100687F9E /* Localizable.strings */; };
		E05D409926E565DE002A1865 /* Intents.intentdefinition in Sources */ = {isa = PBXBuildFile; fileRef = E05D409E26E565DE002A1865 /* Intents.intentdefinition */; settings = {ATTRIBUTES = (no_codegen, ); }; };
		E05D409A26E565DE002A1865 /* Intents.intentdefinition in Sources */ = {isa = PBXBuildFile; fileRef = E05D409E26E565DE002A1865 /* Intents.intentdefinition */; settings = {ATTRIBUTES = (no_codegen, ); }; };
		E05D409B26E565DE002A1865 /* Intents.intentdefinition in Sources */ = {isa = PBXBuildFile; fileRef = E05D409E26E565DE002A1865 /* Intents.intentdefinition */; };
		E05D409C26E565DE002A1865 /* Intents.intentdefinition in Sources */ = {isa = PBXBuildFile; fileRef = E05D409E26E565DE002A1865 /* Intents.intentdefinition */; settings = {ATTRIBUTES = (no_codegen, ); }; };
		E05EA02D21BD8BB300FC33C9 /* Toast.swift in Sources */ = {isa = PBXBuildFile; fileRef = E05EA02C21BD8BB300FC33C9 /* Toast.swift */; };
		E0619E0021DE871B00A69332 /* ClipsKeyboardView.swift in Sources */ = {isa = PBXBuildFile; fileRef = E0619DFF21DE871B00A69332 /* ClipsKeyboardView.swift */; };
		E0619E0621DEA3BC00A69332 /* KeyboardButton.swift in Sources */ = {isa = PBXBuildFile; fileRef = E0619E0521DEA3BC00A69332 /* KeyboardButton.swift */; };
		E06AA128219D31CE0015A30F /* MainTableViewController.swift in Sources */ = {isa = PBXBuildFile; fileRef = E06AA127219D31CE0015A30F /* MainTableViewController.swift */; };
		E06AA12A219D32500015A30F /* ClipTableViewCell.swift in Sources */ = {isa = PBXBuildFile; fileRef = E06AA129219D32500015A30F /* ClipTableViewCell.swift */; };
		E06AA130219D32DE0015A30F /* ClipViewController.swift in Sources */ = {isa = PBXBuildFile; fileRef = E06AA12F219D32DE0015A30F /* ClipViewController.swift */; };
		E06AA132219D32F60015A30F /* EditClipTableViewController.swift in Sources */ = {isa = PBXBuildFile; fileRef = E06AA131219D32F60015A30F /* EditClipTableViewController.swift */; };
		E06AA134219D331E0015A30F /* SettingsTableViewController.swift in Sources */ = {isa = PBXBuildFile; fileRef = E06AA133219D331E0015A30F /* SettingsTableViewController.swift */; };
		E06C550926F6F424006F67C2 /* ClipsKit.framework in Frameworks */ = {isa = PBXBuildFile; fileRef = E0CAD76626D6E85D00B10E72 /* ClipsKit.framework */; };
		E06C550A26F6F424006F67C2 /* ClipsKit.framework in Embed Frameworks */ = {isa = PBXBuildFile; fileRef = E0CAD76626D6E85D00B10E72 /* ClipsKit.framework */; settings = {ATTRIBUTES = (RemoveHeadersOnCopy, ); }; };
		E06C550C26F6F428006F67C2 /* ClipsKit.framework in Frameworks */ = {isa = PBXBuildFile; fileRef = E0CAD76626D6E85D00B10E72 /* ClipsKit.framework */; };
		E06C550F26F6F42C006F67C2 /* ClipsKit.framework in Frameworks */ = {isa = PBXBuildFile; fileRef = E0CAD76626D6E85D00B10E72 /* ClipsKit.framework */; };
		E06C551226F6F430006F67C2 /* ClipsKit.framework in Frameworks */ = {isa = PBXBuildFile; fileRef = E0CAD76626D6E85D00B10E72 /* ClipsKit.framework */; };
		E06C551526F6F434006F67C2 /* ClipsKit.framework in Frameworks */ = {isa = PBXBuildFile; fileRef = E0CAD76626D6E85D00B10E72 /* ClipsKit.framework */; };
		E06C551826F6F439006F67C2 /* ClipsKit.framework in Frameworks */ = {isa = PBXBuildFile; fileRef = E0CAD76626D6E85D00B10E72 /* ClipsKit.framework */; };
		E06CAC642241374B008347AA /* ClipsKeyboardView.xib in Resources */ = {isa = PBXBuildFile; fileRef = E06CAC662241374B008347AA /* ClipsKeyboardView.xib */; };
		E06D3D55251FBCB200441300 /* Localizable.strings in Resources */ = {isa = PBXBuildFile; fileRef = E06EC94D21C5ACA100687F9E /* Localizable.strings */; };
		E06D3D5B251FBCB700441300 /* AppStrings.swift in Sources */ = {isa = PBXBuildFile; fileRef = E0E373BC24EAFFD7006A2816 /* AppStrings.swift */; };
		E06EC94A21C5ACA100687F9E /* Localizable.strings in Resources */ = {isa = PBXBuildFile; fileRef = E06EC94D21C5ACA100687F9E /* Localizable.strings */; };
		E06EC94B21C5ACA100687F9E /* Localizable.strings in Resources */ = {isa = PBXBuildFile; fileRef = E06EC94D21C5ACA100687F9E /* Localizable.strings */; };
		E07AC77A251FF04F007DEF67 /* FavoritesTableViewController.swift in Sources */ = {isa = PBXBuildFile; fileRef = E07AC779251FF04F007DEF67 /* FavoritesTableViewController.swift */; };
		E07DC2FD2243495B00736DBD /* ShareConfigureView.xib in Resources */ = {isa = PBXBuildFile; fileRef = E07DC2FF2243495B00736DBD /* ShareConfigureView.xib */; };
		E08A5A2F25029E0A009524DB /* FolderPickerTableViewController.swift in Sources */ = {isa = PBXBuildFile; fileRef = E08A5A2E25029E0A009524DB /* FolderPickerTableViewController.swift */; };
		E098F7AF26F3B4EA0076111A /* DefaultsManager.swift in Sources */ = {isa = PBXBuildFile; fileRef = E098F7AE26F3B4EA0076111A /* DefaultsManager.swift */; };
		E0A188AE270A606000BA70A7 /* NSAttributedString+HTML.swift in Sources */ = {isa = PBXBuildFile; fileRef = E0A188AD270A606000BA70A7 /* NSAttributedString+HTML.swift */; };
		E0A51AD721C6CABA00FCCCA9 /* KeyboardViewController.swift in Sources */ = {isa = PBXBuildFile; fileRef = E0A51AD621C6CABA00FCCCA9 /* KeyboardViewController.swift */; };
		E0A51ADB21C6CABA00FCCCA9 /* Copy Better Keyboard.appex in Embed App Extensions */ = {isa = PBXBuildFile; fileRef = E0A51AD421C6CABA00FCCCA9 /* Copy Better Keyboard.appex */; settings = {ATTRIBUTES = (RemoveHeadersOnCopy, ); }; };
		E0AF325521DED6A500743158 /* KeyboardUpperButton.swift in Sources */ = {isa = PBXBuildFile; fileRef = E0AF325421DED6A500743158 /* KeyboardUpperButton.swift */; };
		E0BB9D112245FBA300BAC38F /* InfoPlist.strings in Resources */ = {isa = PBXBuildFile; fileRef = E0BB9D132245FBA300BAC38F /* InfoPlist.strings */; };
		E0BB9D1A2245FD3600BAC38F /* InfoPlist.strings in Resources */ = {isa = PBXBuildFile; fileRef = E0BB9D1C2245FD3600BAC38F /* InfoPlist.strings */; };
		E0BB9D212245FD7A00BAC38F /* InfoPlist.strings in Resources */ = {isa = PBXBuildFile; fileRef = E0BB9D232245FD7A00BAC38F /* InfoPlist.strings */; };
		E0BB9D282245FDAF00BAC38F /* InfoPlist.strings in Resources */ = {isa = PBXBuildFile; fileRef = E0BB9D2A2245FDAF00BAC38F /* InfoPlist.strings */; };
		E0C260AF21B8B889007D9BED /* UIViewController+Toast.swift in Sources */ = {isa = PBXBuildFile; fileRef = E0C260AE21B8B889007D9BED /* UIViewController+Toast.swift */; };
		E0C9757426E7D14E00E7ACA8 /* ClipsWidgets.swift in Sources */ = {isa = PBXBuildFile; fileRef = E0C9757326E7D14E00E7ACA8 /* ClipsWidgets.swift */; };
		E0C9757626E7D1FB00E7ACA8 /* FavoritesWidget.swift in Sources */ = {isa = PBXBuildFile; fileRef = E0C9757526E7D1FB00E7ACA8 /* FavoritesWidget.swift */; };
		E0CAD76A26D6E85E00B10E72 /* ClipsKit.h in Headers */ = {isa = PBXBuildFile; fileRef = E0CAD76826D6E85E00B10E72 /* ClipsKit.h */; settings = {ATTRIBUTES = (Public, ); }; };
		E0CAD76E26D6E91F00B10E72 /* Folder+CoreDataClass.swift in Sources */ = {isa = PBXBuildFile; fileRef = E0CD5AE724E44E3C0035FDC8 /* Folder+CoreDataClass.swift */; };
		E0CAD76F26D6E93B00B10E72 /* Folder+CoreDataProperties.swift in Sources */ = {isa = PBXBuildFile; fileRef = E0CD5AE824E44E3C0035FDC8 /* Folder+CoreDataProperties.swift */; };
		E0CAD77026D6E95B00B10E72 /* Clip+CoreDataClass.swift in Sources */ = {isa = PBXBuildFile; fileRef = E0858C2D21A0F0240089AE53 /* Clip+CoreDataClass.swift */; };
		E0CAD77126D6E96E00B10E72 /* Clip+CoreDataProperties.swift in Sources */ = {isa = PBXBuildFile; fileRef = E04BC4C724E48DCC009BEE48 /* Clip+CoreDataProperties.swift */; };
		E0CAD77226D6E98000B10E72 /* Clips.xcdatamodeld in Sources */ = {isa = PBXBuildFile; fileRef = E056F8F720CEE46C0025E2FE /* Clips.xcdatamodeld */; };
		E0CAD77326D6E99600B10E72 /* ClipsPersistentContainer.swift in Sources */ = {isa = PBXBuildFile; fileRef = E029B42A21B32C8F005EFEB6 /* ClipsPersistentContainer.swift */; };
		E0CAD77426D6E9CC00B10E72 /* ClipboardManager.swift in Sources */ = {isa = PBXBuildFile; fileRef = E06AA135219D37BE0015A30F /* ClipboardManager.swift */; };
		E0CAD77526D6E9DC00B10E72 /* String+HTML.swift in Sources */ = {isa = PBXBuildFile; fileRef = E0F5BE0721A8BE9600422DC1 /* String+HTML.swift */; };
		E0CAD78B26D6EBA500B10E72 /* AppStrings.swift in Sources */ = {isa = PBXBuildFile; fileRef = E0E373BC24EAFFD7006A2816 /* AppStrings.swift */; };
		E0CAD78C26D6EBAA00B10E72 /* Localizable.strings in Resources */ = {isa = PBXBuildFile; fileRef = E06EC94D21C5ACA100687F9E /* Localizable.strings */; };
		E0D348C721B2393000BF1F4E /* WidgetClipTableViewCell.swift in Sources */ = {isa = PBXBuildFile; fileRef = E0D348C621B2393000BF1F4E /* WidgetClipTableViewCell.swift */; };
		E0DF67DC28D5424900879A82 /* RecentlyDeletedTableViewController.swift in Sources */ = {isa = PBXBuildFile; fileRef = E0DF67DB28D5424900879A82 /* RecentlyDeletedTableViewController.swift */; };
		E0E373BD24EAFFD7006A2816 /* AppStrings.swift in Sources */ = {isa = PBXBuildFile; fileRef = E0E373BC24EAFFD7006A2816 /* AppStrings.swift */; };
		E0E373BE24EAFFD7006A2816 /* AppStrings.swift in Sources */ = {isa = PBXBuildFile; fileRef = E0E373BC24EAFFD7006A2816 /* AppStrings.swift */; };
		E0E373BF24EAFFD7006A2816 /* AppStrings.swift in Sources */ = {isa = PBXBuildFile; fileRef = E0E373BC24EAFFD7006A2816 /* AppStrings.swift */; };
		E0E373C024EAFFD7006A2816 /* AppStrings.swift in Sources */ = {isa = PBXBuildFile; fileRef = E0E373BC24EAFFD7006A2816 /* AppStrings.swift */; };
/* End PBXBuildFile section */

/* Begin PBXContainerItemProxy section */
		E000A2F7251EECD6007EFFFF /* PBXContainerItemProxy */ = {
			isa = PBXContainerItemProxy;
			containerPortal = E056F8E520CEE46C0025E2FE /* Project object */;
			proxyType = 1;
			remoteGlobalIDString = E000A2EB251EECD2007EFFFF;
			remoteInfo = "Clips Widget 2Extension";
		};
		E00453E826D98F2B00F38D51 /* PBXContainerItemProxy */ = {
			isa = PBXContainerItemProxy;
			containerPortal = E056F8E520CEE46C0025E2FE /* Project object */;
			proxyType = 1;
			remoteGlobalIDString = E00453E026D98F2B00F38D51;
			remoteInfo = ClipsIntents;
		};
		E00453F026D9909C00F38D51 /* PBXContainerItemProxy */ = {
			isa = PBXContainerItemProxy;
			containerPortal = E056F8E520CEE46C0025E2FE /* Project object */;
			proxyType = 1;
			remoteGlobalIDString = E0CAD76526D6E85D00B10E72;
			remoteInfo = ClipsKit;
		};
		E04106C5219D04F100DD68AD /* PBXContainerItemProxy */ = {
			isa = PBXContainerItemProxy;
			containerPortal = E056F8E520CEE46C0025E2FE /* Project object */;
			proxyType = 1;
			remoteGlobalIDString = E04106B9219D04F100DD68AD;
			remoteInfo = "Clipboard Widget";
		};
		E041A73321E3D65800B58DD5 /* PBXContainerItemProxy */ = {
			isa = PBXContainerItemProxy;
			containerPortal = E056F8E520CEE46C0025E2FE /* Project object */;
			proxyType = 1;
			remoteGlobalIDString = E041A72A21E3D65700B58DD5;
			remoteInfo = "Clips Share";
		};
		E0A51AD921C6CABA00FCCCA9 /* PBXContainerItemProxy */ = {
			isa = PBXContainerItemProxy;
			containerPortal = E056F8E520CEE46C0025E2FE /* Project object */;
			proxyType = 1;
			remoteGlobalIDString = E0A51AD321C6CABA00FCCCA9;
			remoteInfo = "Clips Keyboard";
		};
		E0C9757926E7D2D900E7ACA8 /* PBXContainerItemProxy */ = {
			isa = PBXContainerItemProxy;
			containerPortal = E056F8E520CEE46C0025E2FE /* Project object */;
			proxyType = 1;
			remoteGlobalIDString = E0CAD76526D6E85D00B10E72;
			remoteInfo = ClipsKit;
		};
		E0CAD77926D6EA4700B10E72 /* PBXContainerItemProxy */ = {
			isa = PBXContainerItemProxy;
			containerPortal = E056F8E520CEE46C0025E2FE /* Project object */;
			proxyType = 1;
			remoteGlobalIDString = E0CAD76526D6E85D00B10E72;
			remoteInfo = ClipsKit;
		};
		E0CAD77E26D6EA6600B10E72 /* PBXContainerItemProxy */ = {
			isa = PBXContainerItemProxy;
			containerPortal = E056F8E520CEE46C0025E2FE /* Project object */;
			proxyType = 1;
			remoteGlobalIDString = E0CAD76526D6E85D00B10E72;
			remoteInfo = ClipsKit;
		};
		E0CAD78326D6EA7100B10E72 /* PBXContainerItemProxy */ = {
			isa = PBXContainerItemProxy;
			containerPortal = E056F8E520CEE46C0025E2FE /* Project object */;
			proxyType = 1;
			remoteGlobalIDString = E0CAD76526D6E85D00B10E72;
			remoteInfo = ClipsKit;
		};
		E0CAD78826D6EA7D00B10E72 /* PBXContainerItemProxy */ = {
			isa = PBXContainerItemProxy;
			containerPortal = E056F8E520CEE46C0025E2FE /* Project object */;
			proxyType = 1;
			remoteGlobalIDString = E0CAD76526D6E85D00B10E72;
			remoteInfo = ClipsKit;
		};
		E0D1735026DAD78A0053A4D2 /* PBXContainerItemProxy */ = {
			isa = PBXContainerItemProxy;
			containerPortal = E056F8E520CEE46C0025E2FE /* Project object */;
			proxyType = 1;
			remoteGlobalIDString = E00453E026D98F2B00F38D51;
			remoteInfo = ClipsIntents;
		};
/* End PBXContainerItemProxy section */

/* Begin PBXCopyFilesBuildPhase section */
		E04106CB219D04F100DD68AD /* Embed App Extensions */ = {
			isa = PBXCopyFilesBuildPhase;
			buildActionMask = 2147483647;
			dstPath = "";
			dstSubfolderSpec = 13;
			files = (
				E0A51ADB21C6CABA00FCCCA9 /* Copy Better Keyboard.appex in Embed App Extensions */,
				E00453EA26D98F2B00F38D51 /* ClipsIntents.appex in Embed App Extensions */,
				E04106C7219D04F100DD68AD /* Copy Better Widget.appex in Embed App Extensions */,
				E041A73521E3D65800B58DD5 /* Copy Better Share.appex in Embed App Extensions */,
				E000A2F9251EECD6007EFFFF /* Clips Widget 2Extension.appex in Embed App Extensions */,
			);
			name = "Embed App Extensions";
			runOnlyForDeploymentPostprocessing = 0;
		};
		E06C550B26F6F424006F67C2 /* Embed Frameworks */ = {
			isa = PBXCopyFilesBuildPhase;
			buildActionMask = 2147483647;
			dstPath = "";
			dstSubfolderSpec = 10;
			files = (
				E06C550A26F6F424006F67C2 /* ClipsKit.framework in Embed Frameworks */,
			);
			name = "Embed Frameworks";
			runOnlyForDeploymentPostprocessing = 0;
		};
/* End PBXCopyFilesBuildPhase section */

/* Begin PBXFileReference section */
		E000A2EC251EECD2007EFFFF /* Clips Widget 2Extension.appex */ = {isa = PBXFileReference; explicitFileType = "wrapper.app-extension"; includeInIndex = 0; path = "Clips Widget 2Extension.appex"; sourceTree = BUILT_PRODUCTS_DIR; };
		E000A2ED251EECD2007EFFFF /* WidgetKit.framework */ = {isa = PBXFileReference; lastKnownFileType = wrapper.framework; name = WidgetKit.framework; path = System/Library/Frameworks/WidgetKit.framework; sourceTree = SDKROOT; };
		E000A2EF251EECD2007EFFFF /* SwiftUI.framework */ = {isa = PBXFileReference; lastKnownFileType = wrapper.framework; name = SwiftUI.framework; path = System/Library/Frameworks/SwiftUI.framework; sourceTree = SDKROOT; };
		E000A2F2251EECD2007EFFFF /* Clips_Widget_2.swift */ = {isa = PBXFileReference; lastKnownFileType = sourcecode.swift; path = Clips_Widget_2.swift; sourceTree = "<group>"; };
		E000A2F4251EECD6007EFFFF /* Assets.xcassets */ = {isa = PBXFileReference; lastKnownFileType = folder.assetcatalog; path = Assets.xcassets; sourceTree = "<group>"; };
		E000A2F6251EECD6007EFFFF /* Info.plist */ = {isa = PBXFileReference; lastKnownFileType = text.plist.xml; path = Info.plist; sourceTree = "<group>"; };
		E0025F3C2511239A00DB66DC /* KeyboardFolderCell.xib */ = {isa = PBXFileReference; lastKnownFileType = file.xib; path = KeyboardFolderCell.xib; sourceTree = "<group>"; };
		E0025F3E251123D800DB66DC /* KeyboardFolderCell.swift */ = {isa = PBXFileReference; lastKnownFileType = sourcecode.swift; path = KeyboardFolderCell.swift; sourceTree = "<group>"; };
		E00453E126D98F2B00F38D51 /* ClipsIntents.appex */ = {isa = PBXFileReference; explicitFileType = "wrapper.app-extension"; includeInIndex = 0; path = ClipsIntents.appex; sourceTree = BUILT_PRODUCTS_DIR; };
		E00453E226D98F2B00F38D51 /* Intents.framework */ = {isa = PBXFileReference; lastKnownFileType = wrapper.framework; name = Intents.framework; path = System/Library/Frameworks/Intents.framework; sourceTree = SDKROOT; };
		E00453E526D98F2B00F38D51 /* IntentHandler.swift */ = {isa = PBXFileReference; lastKnownFileType = sourcecode.swift; path = IntentHandler.swift; sourceTree = "<group>"; };
		E00453E726D98F2B00F38D51 /* Info.plist */ = {isa = PBXFileReference; lastKnownFileType = text.plist.xml; path = Info.plist; sourceTree = "<group>"; };
		E00453F326D990E300F38D51 /* ClipsIntents.entitlements */ = {isa = PBXFileReference; lastKnownFileType = text.plist.entitlements; path = ClipsIntents.entitlements; sourceTree = "<group>"; };
		E0071DE621CB154D00B75D4C /* KeyboardClipCell.xib */ = {isa = PBXFileReference; lastKnownFileType = file.xib; path = KeyboardClipCell.xib; sourceTree = "<group>"; };
		E0071DE821CB171100B75D4C /* KeyboardClipCell.swift */ = {isa = PBXFileReference; lastKnownFileType = sourcecode.swift; path = KeyboardClipCell.swift; sourceTree = "<group>"; };
		E0079EDB25068C9100F3BC10 /* FolderPickerTableViewCell.swift */ = {isa = PBXFileReference; lastKnownFileType = sourcecode.swift; path = FolderPickerTableViewCell.swift; sourceTree = "<group>"; };
		E017418224E49B0C0007E667 /* FolderTableViewCell.swift */ = {isa = PBXFileReference; lastKnownFileType = sourcecode.swift; path = FolderTableViewCell.swift; sourceTree = "<group>"; };
		E029B42A21B32C8F005EFEB6 /* ClipsPersistentContainer.swift */ = {isa = PBXFileReference; lastKnownFileType = sourcecode.swift; path = ClipsPersistentContainer.swift; sourceTree = "<group>"; };
		E03B9EB823E7DE25001206EF /* Colors.xcassets */ = {isa = PBXFileReference; lastKnownFileType = folder.assetcatalog; path = Colors.xcassets; sourceTree = "<group>"; };
		E04106BA219D04F100DD68AD /* Copy Better Widget.appex */ = {isa = PBXFileReference; explicitFileType = "wrapper.app-extension"; includeInIndex = 0; path = "Copy Better Widget.appex"; sourceTree = BUILT_PRODUCTS_DIR; };
		E04106BC219D04F100DD68AD /* NotificationCenter.framework */ = {isa = PBXFileReference; lastKnownFileType = wrapper.framework; name = NotificationCenter.framework; path = System/Library/Frameworks/NotificationCenter.framework; sourceTree = SDKROOT; };
		E04106BF219D04F100DD68AD /* TodayViewController.swift */ = {isa = PBXFileReference; lastKnownFileType = sourcecode.swift; path = TodayViewController.swift; sourceTree = "<group>"; };
		E04106C2219D04F100DD68AD /* Base */ = {isa = PBXFileReference; lastKnownFileType = file.storyboard; name = Base; path = Base.lproj/MainInterface.storyboard; sourceTree = "<group>"; };
		E04106C4219D04F100DD68AD /* Info.plist */ = {isa = PBXFileReference; lastKnownFileType = text.plist.xml; path = Info.plist; sourceTree = "<group>"; };
		E041A72B21E3D65700B58DD5 /* Copy Better Share.appex */ = {isa = PBXFileReference; explicitFileType = "wrapper.app-extension"; includeInIndex = 0; path = "Copy Better Share.appex"; sourceTree = BUILT_PRODUCTS_DIR; };
		E041A72D21E3D65700B58DD5 /* ShareViewController.swift */ = {isa = PBXFileReference; lastKnownFileType = sourcecode.swift; path = ShareViewController.swift; sourceTree = "<group>"; };
		E041A73021E3D65700B58DD5 /* Base */ = {isa = PBXFileReference; lastKnownFileType = file.storyboard; name = Base; path = Base.lproj/MainInterface.storyboard; sourceTree = "<group>"; };
		E041A73221E3D65800B58DD5 /* Info.plist */ = {isa = PBXFileReference; lastKnownFileType = text.plist.xml; path = Info.plist; sourceTree = "<group>"; };
		E041A73921E3DA3E00B58DD5 /* ShareConfigureViewController.swift */ = {isa = PBXFileReference; lastKnownFileType = sourcecode.swift; path = ShareConfigureViewController.swift; sourceTree = "<group>"; };
		E04BC4C724E48DCC009BEE48 /* Clip+CoreDataProperties.swift */ = {isa = PBXFileReference; fileEncoding = 4; lastKnownFileType = sourcecode.swift; path = "Clip+CoreDataProperties.swift"; sourceTree = "<group>"; };
		E051A19E223E086D0059B7CA /* fr */ = {isa = PBXFileReference; lastKnownFileType = text.plist.strings; name = fr; path = fr.lproj/Main.strings; sourceTree = "<group>"; };
		E056F8ED20CEE46C0025E2FE /* Copy Better.app */ = {isa = PBXFileReference; explicitFileType = wrapper.application; includeInIndex = 0; path = "Copy Better.app"; sourceTree = BUILT_PRODUCTS_DIR; };
		E056F8F020CEE46C0025E2FE /* AppDelegate.swift */ = {isa = PBXFileReference; lastKnownFileType = sourcecode.swift; path = AppDelegate.swift; sourceTree = "<group>"; };
		E056F8F520CEE46C0025E2FE /* Base */ = {isa = PBXFileReference; lastKnownFileType = file.storyboard; name = Base; path = Base.lproj/Main.storyboard; sourceTree = "<group>"; };
		E056F8F820CEE46C0025E2FE /* Clipboard_Manager.xcdatamodel */ = {isa = PBXFileReference; lastKnownFileType = wrapper.xcdatamodel; path = Clipboard_Manager.xcdatamodel; sourceTree = "<group>"; };
		E056F8FA20CEE46E0025E2FE /* Assets.xcassets */ = {isa = PBXFileReference; lastKnownFileType = folder.assetcatalog; path = Assets.xcassets; sourceTree = "<group>"; };
		E056F8FD20CEE46E0025E2FE /* Base */ = {isa = PBXFileReference; lastKnownFileType = file.storyboard; name = Base; path = Base.lproj/LaunchScreen.storyboard; sourceTree = "<group>"; };
		E056F8FF20CEE46E0025E2FE /* Info.plist */ = {isa = PBXFileReference; lastKnownFileType = text.plist.xml; path = Info.plist; sourceTree = "<group>"; };
		E05D409D26E565DE002A1865 /* Base */ = {isa = PBXFileReference; lastKnownFileType = file.intentdefinition; name = Base; path = Base.lproj/Intents.intentdefinition; sourceTree = "<group>"; };
		E05D40A226E565F8002A1865 /* fr */ = {isa = PBXFileReference; lastKnownFileType = text.plist.strings; name = fr; path = fr.lproj/Intents.strings; sourceTree = "<group>"; };
		E05D40A426E565F9002A1865 /* es */ = {isa = PBXFileReference; lastKnownFileType = text.plist.strings; name = es; path = es.lproj/Intents.strings; sourceTree = "<group>"; };
		E05EA02C21BD8BB300FC33C9 /* Toast.swift */ = {isa = PBXFileReference; lastKnownFileType = sourcecode.swift; path = Toast.swift; sourceTree = "<group>"; };
		E05EA02F21BD949600FC33C9 /* fr */ = {isa = PBXFileReference; lastKnownFileType = text.plist.strings; name = fr; path = fr.lproj/MainInterface.strings; sourceTree = "<group>"; };
		E05EA03121BD94B200FC33C9 /* es */ = {isa = PBXFileReference; lastKnownFileType = text.plist.strings; name = es; path = es.lproj/MainInterface.strings; sourceTree = "<group>"; };
		E0619DFF21DE871B00A69332 /* ClipsKeyboardView.swift */ = {isa = PBXFileReference; lastKnownFileType = sourcecode.swift; path = ClipsKeyboardView.swift; sourceTree = "<group>"; };
		E0619E0521DEA3BC00A69332 /* KeyboardButton.swift */ = {isa = PBXFileReference; lastKnownFileType = sourcecode.swift; path = KeyboardButton.swift; sourceTree = "<group>"; };
		E06AA127219D31CE0015A30F /* MainTableViewController.swift */ = {isa = PBXFileReference; lastKnownFileType = sourcecode.swift; path = MainTableViewController.swift; sourceTree = "<group>"; };
		E06AA129219D32500015A30F /* ClipTableViewCell.swift */ = {isa = PBXFileReference; lastKnownFileType = sourcecode.swift; path = ClipTableViewCell.swift; sourceTree = "<group>"; };
		E06AA12F219D32DE0015A30F /* ClipViewController.swift */ = {isa = PBXFileReference; lastKnownFileType = sourcecode.swift; path = ClipViewController.swift; sourceTree = "<group>"; };
		E06AA131219D32F60015A30F /* EditClipTableViewController.swift */ = {isa = PBXFileReference; lastKnownFileType = sourcecode.swift; path = EditClipTableViewController.swift; sourceTree = "<group>"; };
		E06AA133219D331E0015A30F /* SettingsTableViewController.swift */ = {isa = PBXFileReference; lastKnownFileType = sourcecode.swift; path = SettingsTableViewController.swift; sourceTree = "<group>"; };
		E06AA135219D37BE0015A30F /* ClipboardManager.swift */ = {isa = PBXFileReference; lastKnownFileType = sourcecode.swift; path = ClipboardManager.swift; sourceTree = "<group>"; };
		E06CAC652241374B008347AA /* Base */ = {isa = PBXFileReference; lastKnownFileType = file.xib; name = Base; path = Base.lproj/ClipsKeyboardView.xib; sourceTree = "<group>"; };
		E06CAC682241374F008347AA /* fr */ = {isa = PBXFileReference; lastKnownFileType = text.plist.strings; name = fr; path = fr.lproj/ClipsKeyboardView.strings; sourceTree = "<group>"; };
		E06CAC6A22413757008347AA /* es */ = {isa = PBXFileReference; lastKnownFileType = text.plist.strings; name = es; path = es.lproj/ClipsKeyboardView.strings; sourceTree = "<group>"; };
		E06EC94C21C5ACA100687F9E /* en */ = {isa = PBXFileReference; lastKnownFileType = text.plist.strings; name = en; path = en.lproj/Localizable.strings; sourceTree = "<group>"; };
		E06EC95021C5B2FD00687F9E /* fr */ = {isa = PBXFileReference; lastKnownFileType = text.plist.strings; name = fr; path = fr.lproj/Localizable.strings; sourceTree = "<group>"; };
		E06EC95121C5B30000687F9E /* es */ = {isa = PBXFileReference; lastKnownFileType = text.plist.strings; name = es; path = es.lproj/Localizable.strings; sourceTree = "<group>"; };
		E07AC779251FF04F007DEF67 /* FavoritesTableViewController.swift */ = {isa = PBXFileReference; lastKnownFileType = sourcecode.swift; path = FavoritesTableViewController.swift; sourceTree = "<group>"; };
		E07DC2FE2243495B00736DBD /* Base */ = {isa = PBXFileReference; lastKnownFileType = file.xib; name = Base; path = Base.lproj/ShareConfigureView.xib; sourceTree = "<group>"; };
		E07DC3012243496100736DBD /* fr */ = {isa = PBXFileReference; lastKnownFileType = text.plist.strings; name = fr; path = fr.lproj/ShareConfigureView.strings; sourceTree = "<group>"; };
		E07DC3032243496C00736DBD /* es */ = {isa = PBXFileReference; lastKnownFileType = text.plist.strings; name = es; path = es.lproj/ShareConfigureView.strings; sourceTree = "<group>"; };
		E0858C2D21A0F0240089AE53 /* Clip+CoreDataClass.swift */ = {isa = PBXFileReference; lastKnownFileType = sourcecode.swift; path = "Clip+CoreDataClass.swift"; sourceTree = "<group>"; };
		E08A5A2E25029E0A009524DB /* FolderPickerTableViewController.swift */ = {isa = PBXFileReference; lastKnownFileType = sourcecode.swift; path = FolderPickerTableViewController.swift; sourceTree = "<group>"; };
		E098F7AE26F3B4EA0076111A /* DefaultsManager.swift */ = {isa = PBXFileReference; lastKnownFileType = sourcecode.swift; path = DefaultsManager.swift; sourceTree = "<group>"; };
		E09B79A224DE03F7005E1736 /* Clipboard_Manager v2.xcdatamodel */ = {isa = PBXFileReference; lastKnownFileType = wrapper.xcdatamodel; path = "Clipboard_Manager v2.xcdatamodel"; sourceTree = "<group>"; };
		E0A188AD270A606000BA70A7 /* NSAttributedString+HTML.swift */ = {isa = PBXFileReference; lastKnownFileType = sourcecode.swift; path = "NSAttributedString+HTML.swift"; sourceTree = "<group>"; };
		E0A51AD421C6CABA00FCCCA9 /* Copy Better Keyboard.appex */ = {isa = PBXFileReference; explicitFileType = "wrapper.app-extension"; includeInIndex = 0; path = "Copy Better Keyboard.appex"; sourceTree = BUILT_PRODUCTS_DIR; };
		E0A51AD621C6CABA00FCCCA9 /* KeyboardViewController.swift */ = {isa = PBXFileReference; lastKnownFileType = sourcecode.swift; path = KeyboardViewController.swift; sourceTree = "<group>"; };
		E0A51AD821C6CABA00FCCCA9 /* Info.plist */ = {isa = PBXFileReference; lastKnownFileType = text.plist.xml; path = Info.plist; sourceTree = "<group>"; };
		E0A51ADF21C6CBD400FCCCA9 /* Clips Keyboard.entitlements */ = {isa = PBXFileReference; lastKnownFileType = text.plist.entitlements; path = "Clips Keyboard.entitlements"; sourceTree = "<group>"; };
		E0AF325421DED6A500743158 /* KeyboardUpperButton.swift */ = {isa = PBXFileReference; lastKnownFileType = sourcecode.swift; path = KeyboardUpperButton.swift; sourceTree = "<group>"; };
		E0BB9D122245FBA300BAC38F /* en */ = {isa = PBXFileReference; lastKnownFileType = text.plist.strings; name = en; path = en.lproj/InfoPlist.strings; sourceTree = "<group>"; };
		E0BB9D142245FBAE00BAC38F /* fr */ = {isa = PBXFileReference; lastKnownFileType = text.plist.strings; name = fr; path = fr.lproj/InfoPlist.strings; sourceTree = "<group>"; };
		E0BB9D152245FBB300BAC38F /* es */ = {isa = PBXFileReference; lastKnownFileType = text.plist.strings; name = es; path = es.lproj/InfoPlist.strings; sourceTree = "<group>"; };
		E0BB9D1B2245FD3600BAC38F /* en */ = {isa = PBXFileReference; lastKnownFileType = text.plist.strings; name = en; path = en.lproj/InfoPlist.strings; sourceTree = "<group>"; };
		E0BB9D1D2245FD3900BAC38F /* fr */ = {isa = PBXFileReference; lastKnownFileType = text.plist.strings; name = fr; path = fr.lproj/InfoPlist.strings; sourceTree = "<group>"; };
		E0BB9D1E2245FD3B00BAC38F /* es */ = {isa = PBXFileReference; lastKnownFileType = text.plist.strings; name = es; path = es.lproj/InfoPlist.strings; sourceTree = "<group>"; };
		E0BB9D222245FD7A00BAC38F /* en */ = {isa = PBXFileReference; lastKnownFileType = text.plist.strings; name = en; path = en.lproj/InfoPlist.strings; sourceTree = "<group>"; };
		E0BB9D242245FD7C00BAC38F /* fr */ = {isa = PBXFileReference; lastKnownFileType = text.plist.strings; name = fr; path = fr.lproj/InfoPlist.strings; sourceTree = "<group>"; };
		E0BB9D252245FD7E00BAC38F /* es */ = {isa = PBXFileReference; lastKnownFileType = text.plist.strings; name = es; path = es.lproj/InfoPlist.strings; sourceTree = "<group>"; };
		E0BB9D292245FDAF00BAC38F /* en */ = {isa = PBXFileReference; lastKnownFileType = text.plist.strings; name = en; path = en.lproj/InfoPlist.strings; sourceTree = "<group>"; };
		E0BB9D2B2245FDB100BAC38F /* fr */ = {isa = PBXFileReference; lastKnownFileType = text.plist.strings; name = fr; path = fr.lproj/InfoPlist.strings; sourceTree = "<group>"; };
		E0BB9D2C2245FDB300BAC38F /* es */ = {isa = PBXFileReference; lastKnownFileType = text.plist.strings; name = es; path = es.lproj/InfoPlist.strings; sourceTree = "<group>"; };
		E0C260AE21B8B889007D9BED /* UIViewController+Toast.swift */ = {isa = PBXFileReference; lastKnownFileType = sourcecode.swift; path = "UIViewController+Toast.swift"; sourceTree = "<group>"; };
		E0C9757326E7D14E00E7ACA8 /* ClipsWidgets.swift */ = {isa = PBXFileReference; lastKnownFileType = sourcecode.swift; path = ClipsWidgets.swift; sourceTree = "<group>"; };
		E0C9757526E7D1FB00E7ACA8 /* FavoritesWidget.swift */ = {isa = PBXFileReference; lastKnownFileType = sourcecode.swift; path = FavoritesWidget.swift; sourceTree = "<group>"; };
		E0CAD76626D6E85D00B10E72 /* ClipsKit.framework */ = {isa = PBXFileReference; explicitFileType = wrapper.framework; includeInIndex = 0; path = ClipsKit.framework; sourceTree = BUILT_PRODUCTS_DIR; };
		E0CAD76826D6E85E00B10E72 /* ClipsKit.h */ = {isa = PBXFileReference; lastKnownFileType = sourcecode.c.h; path = ClipsKit.h; sourceTree = "<group>"; };
		E0CAD76926D6E85E00B10E72 /* Info.plist */ = {isa = PBXFileReference; lastKnownFileType = text.plist.xml; path = Info.plist; sourceTree = "<group>"; };
		E0CD5AE724E44E3C0035FDC8 /* Folder+CoreDataClass.swift */ = {isa = PBXFileReference; lastKnownFileType = sourcecode.swift; path = "Folder+CoreDataClass.swift"; sourceTree = "<group>"; };
		E0CD5AE824E44E3C0035FDC8 /* Folder+CoreDataProperties.swift */ = {isa = PBXFileReference; lastKnownFileType = sourcecode.swift; path = "Folder+CoreDataProperties.swift"; sourceTree = "<group>"; };
		E0D348C621B2393000BF1F4E /* WidgetClipTableViewCell.swift */ = {isa = PBXFileReference; lastKnownFileType = sourcecode.swift; path = WidgetClipTableViewCell.swift; sourceTree = "<group>"; };
		E0D67EE0219E8B6700559CA6 /* Clips.entitlements */ = {isa = PBXFileReference; lastKnownFileType = text.plist.entitlements; path = Clips.entitlements; sourceTree = "<group>"; };
		E0D67EE1219E8CB100559CA6 /* Clips Widget.entitlements */ = {isa = PBXFileReference; lastKnownFileType = text.plist.entitlements; path = "Clips Widget.entitlements"; sourceTree = "<group>"; };
		E0DF67DB28D5424900879A82 /* RecentlyDeletedTableViewController.swift */ = {isa = PBXFileReference; lastKnownFileType = sourcecode.swift; path = RecentlyDeletedTableViewController.swift; sourceTree = "<group>"; };
		E0E373BC24EAFFD7006A2816 /* AppStrings.swift */ = {isa = PBXFileReference; lastKnownFileType = sourcecode.swift; path = AppStrings.swift; sourceTree = "<group>"; };
		E0F5BE0721A8BE9600422DC1 /* String+HTML.swift */ = {isa = PBXFileReference; lastKnownFileType = sourcecode.swift; path = "String+HTML.swift"; sourceTree = "<group>"; };
		E0F80E4221E434D700458330 /* Clips Share.entitlements */ = {isa = PBXFileReference; lastKnownFileType = text.plist.entitlements; path = "Clips Share.entitlements"; sourceTree = "<group>"; };
		E0FFAFB7223F1A1F004F0F64 /* es */ = {isa = PBXFileReference; lastKnownFileType = text.plist.strings; name = es; path = es.lproj/Main.strings; sourceTree = "<group>"; };
/* End PBXFileReference section */

/* Begin PBXFrameworksBuildPhase section */
		E000A2E9251EECD2007EFFFF /* Frameworks */ = {
			isa = PBXFrameworksBuildPhase;
			buildActionMask = 2147483647;
			files = (
				E000A2F0251EECD2007EFFFF /* SwiftUI.framework in Frameworks */,
				E000A2EE251EECD2007EFFFF /* WidgetKit.framework in Frameworks */,
				E06C551526F6F434006F67C2 /* ClipsKit.framework in Frameworks */,
			);
			runOnlyForDeploymentPostprocessing = 0;
		};
		E00453DE26D98F2B00F38D51 /* Frameworks */ = {
			isa = PBXFrameworksBuildPhase;
			buildActionMask = 2147483647;
			files = (
				E00453E326D98F2B00F38D51 /* Intents.framework in Frameworks */,
				E06C551826F6F439006F67C2 /* ClipsKit.framework in Frameworks */,
			);
			runOnlyForDeploymentPostprocessing = 0;
		};
		E04106B7219D04F100DD68AD /* Frameworks */ = {
			isa = PBXFrameworksBuildPhase;
			buildActionMask = 2147483647;
			files = (
				E04106BD219D04F100DD68AD /* NotificationCenter.framework in Frameworks */,
				E06C550C26F6F428006F67C2 /* ClipsKit.framework in Frameworks */,
			);
			runOnlyForDeploymentPostprocessing = 0;
		};
		E041A72821E3D65700B58DD5 /* Frameworks */ = {
			isa = PBXFrameworksBuildPhase;
			buildActionMask = 2147483647;
			files = (
				E06C551226F6F430006F67C2 /* ClipsKit.framework in Frameworks */,
			);
			runOnlyForDeploymentPostprocessing = 0;
		};
		E056F8EA20CEE46C0025E2FE /* Frameworks */ = {
			isa = PBXFrameworksBuildPhase;
			buildActionMask = 2147483647;
			files = (
				E06C550926F6F424006F67C2 /* ClipsKit.framework in Frameworks */,
			);
			runOnlyForDeploymentPostprocessing = 0;
		};
		E0A51AD121C6CABA00FCCCA9 /* Frameworks */ = {
			isa = PBXFrameworksBuildPhase;
			buildActionMask = 2147483647;
			files = (
				E06C550F26F6F42C006F67C2 /* ClipsKit.framework in Frameworks */,
			);
			runOnlyForDeploymentPostprocessing = 0;
		};
		E0CAD76326D6E85D00B10E72 /* Frameworks */ = {
			isa = PBXFrameworksBuildPhase;
			buildActionMask = 2147483647;
			files = (
			);
			runOnlyForDeploymentPostprocessing = 0;
		};
/* End PBXFrameworksBuildPhase section */

/* Begin PBXGroup section */
		E000A2F1251EECD2007EFFFF /* Clips Widget 2 */ = {
			isa = PBXGroup;
			children = (
				E0C9757326E7D14E00E7ACA8 /* ClipsWidgets.swift */,
				E000A2F2251EECD2007EFFFF /* Clips_Widget_2.swift */,
				E0C9757526E7D1FB00E7ACA8 /* FavoritesWidget.swift */,
				E000A2F4251EECD6007EFFFF /* Assets.xcassets */,
				E000A2F6251EECD6007EFFFF /* Info.plist */,
			);
			path = "Clips Widget 2";
			sourceTree = "<group>";
		};
		E00453E426D98F2B00F38D51 /* ClipsIntents */ = {
			isa = PBXGroup;
			children = (
				E00453F326D990E300F38D51 /* ClipsIntents.entitlements */,
				E00453E526D98F2B00F38D51 /* IntentHandler.swift */,
				E00453E726D98F2B00F38D51 /* Info.plist */,
			);
			path = ClipsIntents;
			sourceTree = "<group>";
		};
		E04106BB219D04F100DD68AD /* Frameworks */ = {
			isa = PBXGroup;
			children = (
				E04106BC219D04F100DD68AD /* NotificationCenter.framework */,
				E000A2ED251EECD2007EFFFF /* WidgetKit.framework */,
				E000A2EF251EECD2007EFFFF /* SwiftUI.framework */,
				E00453E226D98F2B00F38D51 /* Intents.framework */,
			);
			name = Frameworks;
			sourceTree = "<group>";
		};
		E04106BE219D04F100DD68AD /* Clips Widget */ = {
			isa = PBXGroup;
			children = (
				E0D67EE1219E8CB100559CA6 /* Clips Widget.entitlements */,
				E04106C1219D04F100DD68AD /* MainInterface.storyboard */,
				E04106BF219D04F100DD68AD /* TodayViewController.swift */,
				E0D348C621B2393000BF1F4E /* WidgetClipTableViewCell.swift */,
				E04106C4219D04F100DD68AD /* Info.plist */,
				E0BB9D1C2245FD3600BAC38F /* InfoPlist.strings */,
			);
			path = "Clips Widget";
			sourceTree = "<group>";
		};
		E041A72C21E3D65700B58DD5 /* Clips Share */ = {
			isa = PBXGroup;
			children = (
				E0F80E4221E434D700458330 /* Clips Share.entitlements */,
				E041A72D21E3D65700B58DD5 /* ShareViewController.swift */,
				E041A72F21E3D65700B58DD5 /* MainInterface.storyboard */,
				E041A73921E3DA3E00B58DD5 /* ShareConfigureViewController.swift */,
				E07DC2FF2243495B00736DBD /* ShareConfigureView.xib */,
				E041A73221E3D65800B58DD5 /* Info.plist */,
				E0BB9D2A2245FDAF00BAC38F /* InfoPlist.strings */,
			);
			path = "Clips Share";
			sourceTree = "<group>";
		};
		E056F8E420CEE46C0025E2FE = {
			isa = PBXGroup;
			children = (
				E03B9EB823E7DE25001206EF /* Colors.xcassets */,
				E06EC94D21C5ACA100687F9E /* Localizable.strings */,
				E0E373BC24EAFFD7006A2816 /* AppStrings.swift */,
				E0CAD76726D6E85D00B10E72 /* ClipsKit */,
				E056F8EF20CEE46C0025E2FE /* Clips */,
				E04106BE219D04F100DD68AD /* Clips Widget */,
				E000A2F1251EECD2007EFFFF /* Clips Widget 2 */,
				E0A51AD521C6CABA00FCCCA9 /* Clips Keyboard */,
				E041A72C21E3D65700B58DD5 /* Clips Share */,
				E00453E426D98F2B00F38D51 /* ClipsIntents */,
				E04106BB219D04F100DD68AD /* Frameworks */,
				E056F8EE20CEE46C0025E2FE /* Products */,
			);
			sourceTree = "<group>";
		};
		E056F8EE20CEE46C0025E2FE /* Products */ = {
			isa = PBXGroup;
			children = (
				E056F8ED20CEE46C0025E2FE /* Copy Better.app */,
				E04106BA219D04F100DD68AD /* Copy Better Widget.appex */,
				E0A51AD421C6CABA00FCCCA9 /* Copy Better Keyboard.appex */,
				E041A72B21E3D65700B58DD5 /* Copy Better Share.appex */,
				E000A2EC251EECD2007EFFFF /* Clips Widget 2Extension.appex */,
				E0CAD76626D6E85D00B10E72 /* ClipsKit.framework */,
				E00453E126D98F2B00F38D51 /* ClipsIntents.appex */,
			);
			name = Products;
			sourceTree = "<group>";
		};
		E056F8EF20CEE46C0025E2FE /* Clips */ = {
			isa = PBXGroup;
			children = (
				E0D67EE0219E8B6700559CA6 /* Clips.entitlements */,
				E056F8F020CEE46C0025E2FE /* AppDelegate.swift */,
				E056F8F420CEE46C0025E2FE /* Main.storyboard */,
				E06AA127219D31CE0015A30F /* MainTableViewController.swift */,
				E017418224E49B0C0007E667 /* FolderTableViewCell.swift */,
				E06AA129219D32500015A30F /* ClipTableViewCell.swift */,
				E06AA12F219D32DE0015A30F /* ClipViewController.swift */,
				E07AC779251FF04F007DEF67 /* FavoritesTableViewController.swift */,
				E0DF67DB28D5424900879A82 /* RecentlyDeletedTableViewController.swift */,
				E06AA131219D32F60015A30F /* EditClipTableViewController.swift */,
				E08A5A2E25029E0A009524DB /* FolderPickerTableViewController.swift */,
				E0079EDB25068C9100F3BC10 /* FolderPickerTableViewCell.swift */,
				E06AA133219D331E0015A30F /* SettingsTableViewController.swift */,
				E056F8FC20CEE46E0025E2FE /* LaunchScreen.storyboard */,
				E0C260AE21B8B889007D9BED /* UIViewController+Toast.swift */,
				E05EA02C21BD8BB300FC33C9 /* Toast.swift */,
				E056F8FA20CEE46E0025E2FE /* Assets.xcassets */,
				E056F8FF20CEE46E0025E2FE /* Info.plist */,
				E0BB9D132245FBA300BAC38F /* InfoPlist.strings */,
			);
			path = Clips;
			sourceTree = "<group>";
		};
		E0A51AD521C6CABA00FCCCA9 /* Clips Keyboard */ = {
			isa = PBXGroup;
			children = (
				E0A51ADF21C6CBD400FCCCA9 /* Clips Keyboard.entitlements */,
				E0A51AD621C6CABA00FCCCA9 /* KeyboardViewController.swift */,
				E06CAC662241374B008347AA /* ClipsKeyboardView.xib */,
				E0619DFF21DE871B00A69332 /* ClipsKeyboardView.swift */,
				E0619E0521DEA3BC00A69332 /* KeyboardButton.swift */,
				E0AF325421DED6A500743158 /* KeyboardUpperButton.swift */,
				E0025F3C2511239A00DB66DC /* KeyboardFolderCell.xib */,
				E0025F3E251123D800DB66DC /* KeyboardFolderCell.swift */,
				E0071DE621CB154D00B75D4C /* KeyboardClipCell.xib */,
				E0071DE821CB171100B75D4C /* KeyboardClipCell.swift */,
				E0A51AD821C6CABA00FCCCA9 /* Info.plist */,
				E0BB9D232245FD7A00BAC38F /* InfoPlist.strings */,
			);
			path = "Clips Keyboard";
			sourceTree = "<group>";
		};
		E0CAD76726D6E85D00B10E72 /* ClipsKit */ = {
			isa = PBXGroup;
			children = (
				E0CAD76826D6E85E00B10E72 /* ClipsKit.h */,
				E0CAD76926D6E85E00B10E72 /* Info.plist */,
				E0CD5AE724E44E3C0035FDC8 /* Folder+CoreDataClass.swift */,
				E0CD5AE824E44E3C0035FDC8 /* Folder+CoreDataProperties.swift */,
				E0858C2D21A0F0240089AE53 /* Clip+CoreDataClass.swift */,
				E04BC4C724E48DCC009BEE48 /* Clip+CoreDataProperties.swift */,
				E056F8F720CEE46C0025E2FE /* Clips.xcdatamodeld */,
				E029B42A21B32C8F005EFEB6 /* ClipsPersistentContainer.swift */,
				E06AA135219D37BE0015A30F /* ClipboardManager.swift */,
				E098F7AE26F3B4EA0076111A /* DefaultsManager.swift */,
				E0F5BE0721A8BE9600422DC1 /* String+HTML.swift */,
				E0A188AD270A606000BA70A7 /* NSAttributedString+HTML.swift */,
				E05D409E26E565DE002A1865 /* Intents.intentdefinition */,
			);
			path = ClipsKit;
			sourceTree = "<group>";
		};
/* End PBXGroup section */

/* Begin PBXHeadersBuildPhase section */
		E0CAD76126D6E85D00B10E72 /* Headers */ = {
			isa = PBXHeadersBuildPhase;
			buildActionMask = 2147483647;
			files = (
				E0CAD76A26D6E85E00B10E72 /* ClipsKit.h in Headers */,
			);
			runOnlyForDeploymentPostprocessing = 0;
		};
/* End PBXHeadersBuildPhase section */

/* Begin PBXNativeTarget section */
		E000A2EB251EECD2007EFFFF /* Clips Widget 2Extension */ = {
			isa = PBXNativeTarget;
			buildConfigurationList = E000A2FC251EECD6007EFFFF /* Build configuration list for PBXNativeTarget "Clips Widget 2Extension" */;
			buildPhases = (
				E000A2E8251EECD2007EFFFF /* Sources */,
				E000A2E9251EECD2007EFFFF /* Frameworks */,
				E000A2EA251EECD2007EFFFF /* Resources */,
			);
			buildRules = (
			);
			dependencies = (
				E0C9757A26E7D2D900E7ACA8 /* PBXTargetDependency */,
			);
			name = "Clips Widget 2Extension";
			productName = "Clips Widget 2Extension";
			productReference = E000A2EC251EECD2007EFFFF /* Clips Widget 2Extension.appex */;
			productType = "com.apple.product-type.app-extension";
		};
		E00453E026D98F2B00F38D51 /* ClipsIntents */ = {
			isa = PBXNativeTarget;
			buildConfigurationList = E00453ED26D98F2B00F38D51 /* Build configuration list for PBXNativeTarget "ClipsIntents" */;
			buildPhases = (
				E00453DD26D98F2B00F38D51 /* Sources */,
				E00453DE26D98F2B00F38D51 /* Frameworks */,
				E00453DF26D98F2B00F38D51 /* Resources */,
			);
			buildRules = (
			);
			dependencies = (
				E00453F126D9909C00F38D51 /* PBXTargetDependency */,
			);
			name = ClipsIntents;
			productName = ClipsIntents;
			productReference = E00453E126D98F2B00F38D51 /* ClipsIntents.appex */;
			productType = "com.apple.product-type.app-extension";
		};
		E04106B9219D04F100DD68AD /* Copy Better Widget */ = {
			isa = PBXNativeTarget;
			buildConfigurationList = E04106C8219D04F100DD68AD /* Build configuration list for PBXNativeTarget "Copy Better Widget" */;
			buildPhases = (
				E04106B6219D04F100DD68AD /* Sources */,
				E04106B7219D04F100DD68AD /* Frameworks */,
				E04106B8219D04F100DD68AD /* Resources */,
			);
			buildRules = (
			);
			dependencies = (
				E0CAD77F26D6EA6600B10E72 /* PBXTargetDependency */,
			);
			name = "Copy Better Widget";
			productName = "Clipboard Widget";
			productReference = E04106BA219D04F100DD68AD /* Copy Better Widget.appex */;
			productType = "com.apple.product-type.app-extension";
		};
		E041A72A21E3D65700B58DD5 /* Copy Better Share */ = {
			isa = PBXNativeTarget;
			buildConfigurationList = E041A73621E3D65800B58DD5 /* Build configuration list for PBXNativeTarget "Copy Better Share" */;
			buildPhases = (
				E041A72721E3D65700B58DD5 /* Sources */,
				E041A72821E3D65700B58DD5 /* Frameworks */,
				E041A72921E3D65700B58DD5 /* Resources */,
			);
			buildRules = (
			);
			dependencies = (
				E0CAD78926D6EA7D00B10E72 /* PBXTargetDependency */,
			);
			name = "Copy Better Share";
			productName = "Clips Share";
			productReference = E041A72B21E3D65700B58DD5 /* Copy Better Share.appex */;
			productType = "com.apple.product-type.app-extension";
		};
		E056F8EC20CEE46C0025E2FE /* Copy Better */ = {
			isa = PBXNativeTarget;
			buildConfigurationList = E056F90220CEE46E0025E2FE /* Build configuration list for PBXNativeTarget "Copy Better" */;
			buildPhases = (
				E056F8E920CEE46C0025E2FE /* Sources */,
				E056F8EA20CEE46C0025E2FE /* Frameworks */,
				E056F8EB20CEE46C0025E2FE /* Resources */,
				E04106CB219D04F100DD68AD /* Embed App Extensions */,
				E06C550B26F6F424006F67C2 /* Embed Frameworks */,
			);
			buildRules = (
			);
			dependencies = (
				E04106C6219D04F100DD68AD /* PBXTargetDependency */,
				E0A51ADA21C6CABA00FCCCA9 /* PBXTargetDependency */,
				E041A73421E3D65800B58DD5 /* PBXTargetDependency */,
				E000A2F8251EECD6007EFFFF /* PBXTargetDependency */,
				E0CAD77A26D6EA4700B10E72 /* PBXTargetDependency */,
				E00453E926D98F2B00F38D51 /* PBXTargetDependency */,
				E0D1735126DAD78A0053A4D2 /* PBXTargetDependency */,
			);
			name = "Copy Better";
			productName = "Clipboard Manager";
			productReference = E056F8ED20CEE46C0025E2FE /* Copy Better.app */;
			productType = "com.apple.product-type.application";
		};
		E0A51AD321C6CABA00FCCCA9 /* Copy Better Keyboard */ = {
			isa = PBXNativeTarget;
			buildConfigurationList = E0A51ADE21C6CABA00FCCCA9 /* Build configuration list for PBXNativeTarget "Copy Better Keyboard" */;
			buildPhases = (
				E0A51AD021C6CABA00FCCCA9 /* Sources */,
				E0A51AD121C6CABA00FCCCA9 /* Frameworks */,
				E0A51AD221C6CABA00FCCCA9 /* Resources */,
			);
			buildRules = (
			);
			dependencies = (
				E0CAD78426D6EA7100B10E72 /* PBXTargetDependency */,
			);
			name = "Copy Better Keyboard";
			productName = "Clips Keyboard";
			productReference = E0A51AD421C6CABA00FCCCA9 /* Copy Better Keyboard.appex */;
			productType = "com.apple.product-type.app-extension";
		};
		E0CAD76526D6E85D00B10E72 /* ClipsKit */ = {
			isa = PBXNativeTarget;
			buildConfigurationList = E0CAD76D26D6E85E00B10E72 /* Build configuration list for PBXNativeTarget "ClipsKit" */;
			buildPhases = (
				E0CAD76126D6E85D00B10E72 /* Headers */,
				E0CAD76226D6E85D00B10E72 /* Sources */,
				E0CAD76326D6E85D00B10E72 /* Frameworks */,
				E0CAD76426D6E85D00B10E72 /* Resources */,
			);
			buildRules = (
			);
			dependencies = (
			);
			name = ClipsKit;
			productName = ClipsKit;
			productReference = E0CAD76626D6E85D00B10E72 /* ClipsKit.framework */;
			productType = "com.apple.product-type.framework";
		};
/* End PBXNativeTarget section */

/* Begin PBXProject section */
		E056F8E520CEE46C0025E2FE /* Project object */ = {
			isa = PBXProject;
			attributes = {
				LastSwiftUpdateCheck = 1250;
				LastUpgradeCheck = 0930;
				ORGANIZATIONNAME = "William Wu";
				TargetAttributes = {
					E000A2EB251EECD2007EFFFF = {
						CreatedOnToolsVersion = 12.0;
					};
					E00453E026D98F2B00F38D51 = {
						CreatedOnToolsVersion = 12.5.1;
					};
					E04106B9219D04F100DD68AD = {
						CreatedOnToolsVersion = 9.4.1;
						LastSwiftMigration = 1010;
						SystemCapabilities = {
							com.apple.ApplicationGroups.iOS = {
								enabled = 1;
							};
						};
					};
					E041A72A21E3D65700B58DD5 = {
						CreatedOnToolsVersion = 10.1;
						SystemCapabilities = {
							com.apple.ApplicationGroups.iOS = {
								enabled = 1;
							};
						};
					};
					E056F8EC20CEE46C0025E2FE = {
						CreatedOnToolsVersion = 9.3.1;
						LastSwiftMigration = 1010;
						SystemCapabilities = {
							com.apple.ApplicationGroups.iOS = {
								enabled = 1;
							};
						};
					};
					E0A51AD321C6CABA00FCCCA9 = {
						CreatedOnToolsVersion = 10.1;
						SystemCapabilities = {
							com.apple.ApplicationGroups.iOS = {
								enabled = 1;
							};
						};
					};
					E0CAD76526D6E85D00B10E72 = {
						CreatedOnToolsVersion = 12.5.1;
					};
				};
			};
			buildConfigurationList = E056F8E820CEE46C0025E2FE /* Build configuration list for PBXProject "Clips" */;
			compatibilityVersion = "Xcode 9.3";
			developmentRegion = en;
			hasScannedForEncodings = 0;
			knownRegions = (
				en,
				Base,
				fr,
				es,
			);
			mainGroup = E056F8E420CEE46C0025E2FE;
			productRefGroup = E056F8EE20CEE46C0025E2FE /* Products */;
			projectDirPath = "";
			projectRoot = "";
			targets = (
				E056F8EC20CEE46C0025E2FE /* Copy Better */,
				E04106B9219D04F100DD68AD /* Copy Better Widget */,
				E0A51AD321C6CABA00FCCCA9 /* Copy Better Keyboard */,
				E041A72A21E3D65700B58DD5 /* Copy Better Share */,
				E000A2EB251EECD2007EFFFF /* Clips Widget 2Extension */,
				E0CAD76526D6E85D00B10E72 /* ClipsKit */,
				E00453E026D98F2B00F38D51 /* ClipsIntents */,
			);
		};
/* End PBXProject section */

/* Begin PBXResourcesBuildPhase section */
		E000A2EA251EECD2007EFFFF /* Resources */ = {
			isa = PBXResourcesBuildPhase;
			buildActionMask = 2147483647;
			files = (
				E000A2F5251EECD6007EFFFF /* Assets.xcassets in Resources */,
				E06D3D55251FBCB200441300 /* Localizable.strings in Resources */,
			);
			runOnlyForDeploymentPostprocessing = 0;
		};
		E00453DF26D98F2B00F38D51 /* Resources */ = {
			isa = PBXResourcesBuildPhase;
			buildActionMask = 2147483647;
			files = (
			);
			runOnlyForDeploymentPostprocessing = 0;
		};
		E04106B8219D04F100DD68AD /* Resources */ = {
			isa = PBXResourcesBuildPhase;
			buildActionMask = 2147483647;
			files = (
				E04106C3219D04F100DD68AD /* MainInterface.storyboard in Resources */,
				E03B9EBA23E7DE25001206EF /* Colors.xcassets in Resources */,
				E0BB9D1A2245FD3600BAC38F /* InfoPlist.strings in Resources */,
				E06EC94B21C5ACA100687F9E /* Localizable.strings in Resources */,
			);
			runOnlyForDeploymentPostprocessing = 0;
		};
		E041A72921E3D65700B58DD5 /* Resources */ = {
			isa = PBXResourcesBuildPhase;
			buildActionMask = 2147483647;
			files = (
				E03B9EBC23E7DE25001206EF /* Colors.xcassets in Resources */,
				E041A73121E3D65700B58DD5 /* MainInterface.storyboard in Resources */,
				E0BB9D282245FDAF00BAC38F /* InfoPlist.strings in Resources */,
				E041A74121E3DBDC00B58DD5 /* Localizable.strings in Resources */,
				E07DC2FD2243495B00736DBD /* ShareConfigureView.xib in Resources */,
			);
			runOnlyForDeploymentPostprocessing = 0;
		};
		E056F8EB20CEE46C0025E2FE /* Resources */ = {
			isa = PBXResourcesBuildPhase;
			buildActionMask = 2147483647;
			files = (
				E056F8FE20CEE46E0025E2FE /* LaunchScreen.storyboard in Resources */,
				E06EC94A21C5ACA100687F9E /* Localizable.strings in Resources */,
				E056F8FB20CEE46E0025E2FE /* Assets.xcassets in Resources */,
				E03B9EB923E7DE25001206EF /* Colors.xcassets in Resources */,
				E056F8F620CEE46C0025E2FE /* Main.storyboard in Resources */,
				E0BB9D112245FBA300BAC38F /* InfoPlist.strings in Resources */,
			);
			runOnlyForDeploymentPostprocessing = 0;
		};
		E0A51AD221C6CABA00FCCCA9 /* Resources */ = {
			isa = PBXResourcesBuildPhase;
			buildActionMask = 2147483647;
			files = (
				E05CAEE421CB3BB2003C3BB4 /* Localizable.strings in Resources */,
				E0071DE721CB154D00B75D4C /* KeyboardClipCell.xib in Resources */,
				E0025F3D2511239A00DB66DC /* KeyboardFolderCell.xib in Resources */,
				E03B9EBB23E7DE25001206EF /* Colors.xcassets in Resources */,
				E06CAC642241374B008347AA /* ClipsKeyboardView.xib in Resources */,
				E0BB9D212245FD7A00BAC38F /* InfoPlist.strings in Resources */,
			);
			runOnlyForDeploymentPostprocessing = 0;
		};
		E0CAD76426D6E85D00B10E72 /* Resources */ = {
			isa = PBXResourcesBuildPhase;
			buildActionMask = 2147483647;
			files = (
				E0CAD78C26D6EBAA00B10E72 /* Localizable.strings in Resources */,
			);
			runOnlyForDeploymentPostprocessing = 0;
		};
/* End PBXResourcesBuildPhase section */

/* Begin PBXSourcesBuildPhase section */
		E000A2E8251EECD2007EFFFF /* Sources */ = {
			isa = PBXSourcesBuildPhase;
			buildActionMask = 2147483647;
			files = (
				E06D3D5B251FBCB700441300 /* AppStrings.swift in Sources */,
				E000A2F3251EECD2007EFFFF /* Clips_Widget_2.swift in Sources */,
				E0C9757426E7D14E00E7ACA8 /* ClipsWidgets.swift in Sources */,
				E0C9757626E7D1FB00E7ACA8 /* FavoritesWidget.swift in Sources */,
			);
			runOnlyForDeploymentPostprocessing = 0;
		};
		E00453DD26D98F2B00F38D51 /* Sources */ = {
			isa = PBXSourcesBuildPhase;
			buildActionMask = 2147483647;
			files = (
				E05D409C26E565DE002A1865 /* Intents.intentdefinition in Sources */,
				E00453E626D98F2B00F38D51 /* IntentHandler.swift in Sources */,
			);
			runOnlyForDeploymentPostprocessing = 0;
		};
		E04106B6219D04F100DD68AD /* Sources */ = {
			isa = PBXSourcesBuildPhase;
			buildActionMask = 2147483647;
			files = (
				E04106C0219D04F100DD68AD /* TodayViewController.swift in Sources */,
				E0E373BE24EAFFD7006A2816 /* AppStrings.swift in Sources */,
				E0D348C721B2393000BF1F4E /* WidgetClipTableViewCell.swift in Sources */,
			);
			runOnlyForDeploymentPostprocessing = 0;
		};
		E041A72721E3D65700B58DD5 /* Sources */ = {
			isa = PBXSourcesBuildPhase;
			buildActionMask = 2147483647;
			files = (
				E041A72E21E3D65700B58DD5 /* ShareViewController.swift in Sources */,
				E0E373C024EAFFD7006A2816 /* AppStrings.swift in Sources */,
				E041A73A21E3DA3E00B58DD5 /* ShareConfigureViewController.swift in Sources */,
			);
			runOnlyForDeploymentPostprocessing = 0;
		};
		E056F8E920CEE46C0025E2FE /* Sources */ = {
			isa = PBXSourcesBuildPhase;
			buildActionMask = 2147483647;
			files = (
				E05D409926E565DE002A1865 /* Intents.intentdefinition in Sources */,
				E06AA130219D32DE0015A30F /* ClipViewController.swift in Sources */,
				E07AC77A251FF04F007DEF67 /* FavoritesTableViewController.swift in Sources */,
				E017418324E49B0C0007E667 /* FolderTableViewCell.swift in Sources */,
				E06AA132219D32F60015A30F /* EditClipTableViewController.swift in Sources */,
				E08A5A2F25029E0A009524DB /* FolderPickerTableViewController.swift in Sources */,
				E06AA128219D31CE0015A30F /* MainTableViewController.swift in Sources */,
				E05EA02D21BD8BB300FC33C9 /* Toast.swift in Sources */,
				E0E373BD24EAFFD7006A2816 /* AppStrings.swift in Sources */,
				E0DF67DC28D5424900879A82 /* RecentlyDeletedTableViewController.swift in Sources */,
				E06AA134219D331E0015A30F /* SettingsTableViewController.swift in Sources */,
				E0079EDC25068C9100F3BC10 /* FolderPickerTableViewCell.swift in Sources */,
				E0C260AF21B8B889007D9BED /* UIViewController+Toast.swift in Sources */,
				E06AA12A219D32500015A30F /* ClipTableViewCell.swift in Sources */,
				E056F8F120CEE46C0025E2FE /* AppDelegate.swift in Sources */,
			);
			runOnlyForDeploymentPostprocessing = 0;
		};
		E0A51AD021C6CABA00FCCCA9 /* Sources */ = {
			isa = PBXSourcesBuildPhase;
			buildActionMask = 2147483647;
			files = (
				E0AF325521DED6A500743158 /* KeyboardUpperButton.swift in Sources */,
				E0619E0621DEA3BC00A69332 /* KeyboardButton.swift in Sources */,
				E0A51AD721C6CABA00FCCCA9 /* KeyboardViewController.swift in Sources */,
				E0E373BF24EAFFD7006A2816 /* AppStrings.swift in Sources */,
				E0619E0021DE871B00A69332 /* ClipsKeyboardView.swift in Sources */,
				E0071DE921CB171100B75D4C /* KeyboardClipCell.swift in Sources */,
				E05D409A26E565DE002A1865 /* Intents.intentdefinition in Sources */,
				E0025F3F251123D800DB66DC /* KeyboardFolderCell.swift in Sources */,
			);
			runOnlyForDeploymentPostprocessing = 0;
		};
		E0CAD76226D6E85D00B10E72 /* Sources */ = {
			isa = PBXSourcesBuildPhase;
			buildActionMask = 2147483647;
			files = (
				E0CAD76E26D6E91F00B10E72 /* Folder+CoreDataClass.swift in Sources */,
				E0CAD77026D6E95B00B10E72 /* Clip+CoreDataClass.swift in Sources */,
				E0CAD77326D6E99600B10E72 /* ClipsPersistentContainer.swift in Sources */,
				E05D409B26E565DE002A1865 /* Intents.intentdefinition in Sources */,
				E0CAD77526D6E9DC00B10E72 /* String+HTML.swift in Sources */,
				E0CAD76F26D6E93B00B10E72 /* Folder+CoreDataProperties.swift in Sources */,
				E0CAD77126D6E96E00B10E72 /* Clip+CoreDataProperties.swift in Sources */,
				E0CAD77226D6E98000B10E72 /* Clips.xcdatamodeld in Sources */,
				E0A188AE270A606000BA70A7 /* NSAttributedString+HTML.swift in Sources */,
				E098F7AF26F3B4EA0076111A /* DefaultsManager.swift in Sources */,
				E0CAD78B26D6EBA500B10E72 /* AppStrings.swift in Sources */,
				E0CAD77426D6E9CC00B10E72 /* ClipboardManager.swift in Sources */,
			);
			runOnlyForDeploymentPostprocessing = 0;
		};
/* End PBXSourcesBuildPhase section */

/* Begin PBXTargetDependency section */
		E000A2F8251EECD6007EFFFF /* PBXTargetDependency */ = {
			isa = PBXTargetDependency;
			target = E000A2EB251EECD2007EFFFF /* Clips Widget 2Extension */;
			targetProxy = E000A2F7251EECD6007EFFFF /* PBXContainerItemProxy */;
		};
		E00453E926D98F2B00F38D51 /* PBXTargetDependency */ = {
			isa = PBXTargetDependency;
			target = E00453E026D98F2B00F38D51 /* ClipsIntents */;
			targetProxy = E00453E826D98F2B00F38D51 /* PBXContainerItemProxy */;
		};
		E00453F126D9909C00F38D51 /* PBXTargetDependency */ = {
			isa = PBXTargetDependency;
			target = E0CAD76526D6E85D00B10E72 /* ClipsKit */;
			targetProxy = E00453F026D9909C00F38D51 /* PBXContainerItemProxy */;
		};
		E04106C6219D04F100DD68AD /* PBXTargetDependency */ = {
			isa = PBXTargetDependency;
			target = E04106B9219D04F100DD68AD /* Copy Better Widget */;
			targetProxy = E04106C5219D04F100DD68AD /* PBXContainerItemProxy */;
		};
		E041A73421E3D65800B58DD5 /* PBXTargetDependency */ = {
			isa = PBXTargetDependency;
			target = E041A72A21E3D65700B58DD5 /* Copy Better Share */;
			targetProxy = E041A73321E3D65800B58DD5 /* PBXContainerItemProxy */;
		};
		E0A51ADA21C6CABA00FCCCA9 /* PBXTargetDependency */ = {
			isa = PBXTargetDependency;
			target = E0A51AD321C6CABA00FCCCA9 /* Copy Better Keyboard */;
			targetProxy = E0A51AD921C6CABA00FCCCA9 /* PBXContainerItemProxy */;
		};
		E0C9757A26E7D2D900E7ACA8 /* PBXTargetDependency */ = {
			isa = PBXTargetDependency;
			target = E0CAD76526D6E85D00B10E72 /* ClipsKit */;
			targetProxy = E0C9757926E7D2D900E7ACA8 /* PBXContainerItemProxy */;
		};
		E0CAD77A26D6EA4700B10E72 /* PBXTargetDependency */ = {
			isa = PBXTargetDependency;
			target = E0CAD76526D6E85D00B10E72 /* ClipsKit */;
			targetProxy = E0CAD77926D6EA4700B10E72 /* PBXContainerItemProxy */;
		};
		E0CAD77F26D6EA6600B10E72 /* PBXTargetDependency */ = {
			isa = PBXTargetDependency;
			target = E0CAD76526D6E85D00B10E72 /* ClipsKit */;
			targetProxy = E0CAD77E26D6EA6600B10E72 /* PBXContainerItemProxy */;
		};
		E0CAD78426D6EA7100B10E72 /* PBXTargetDependency */ = {
			isa = PBXTargetDependency;
			target = E0CAD76526D6E85D00B10E72 /* ClipsKit */;
			targetProxy = E0CAD78326D6EA7100B10E72 /* PBXContainerItemProxy */;
		};
		E0CAD78926D6EA7D00B10E72 /* PBXTargetDependency */ = {
			isa = PBXTargetDependency;
			target = E0CAD76526D6E85D00B10E72 /* ClipsKit */;
			targetProxy = E0CAD78826D6EA7D00B10E72 /* PBXContainerItemProxy */;
		};
		E0D1735126DAD78A0053A4D2 /* PBXTargetDependency */ = {
			isa = PBXTargetDependency;
			target = E00453E026D98F2B00F38D51 /* ClipsIntents */;
			targetProxy = E0D1735026DAD78A0053A4D2 /* PBXContainerItemProxy */;
		};
/* End PBXTargetDependency section */

/* Begin PBXVariantGroup section */
		E04106C1219D04F100DD68AD /* MainInterface.storyboard */ = {
			isa = PBXVariantGroup;
			children = (
				E04106C2219D04F100DD68AD /* Base */,
				E05EA02F21BD949600FC33C9 /* fr */,
				E05EA03121BD94B200FC33C9 /* es */,
			);
			name = MainInterface.storyboard;
			sourceTree = "<group>";
		};
		E041A72F21E3D65700B58DD5 /* MainInterface.storyboard */ = {
			isa = PBXVariantGroup;
			children = (
				E041A73021E3D65700B58DD5 /* Base */,
			);
			name = MainInterface.storyboard;
			sourceTree = "<group>";
		};
		E056F8F420CEE46C0025E2FE /* Main.storyboard */ = {
			isa = PBXVariantGroup;
			children = (
				E056F8F520CEE46C0025E2FE /* Base */,
				E051A19E223E086D0059B7CA /* fr */,
				E0FFAFB7223F1A1F004F0F64 /* es */,
			);
			name = Main.storyboard;
			sourceTree = "<group>";
		};
		E056F8FC20CEE46E0025E2FE /* LaunchScreen.storyboard */ = {
			isa = PBXVariantGroup;
			children = (
				E056F8FD20CEE46E0025E2FE /* Base */,
			);
			name = LaunchScreen.storyboard;
			sourceTree = "<group>";
		};
		E05D409E26E565DE002A1865 /* Intents.intentdefinition */ = {
			isa = PBXVariantGroup;
			children = (
				E05D409D26E565DE002A1865 /* Base */,
				E05D40A226E565F8002A1865 /* fr */,
				E05D40A426E565F9002A1865 /* es */,
			);
			name = Intents.intentdefinition;
			sourceTree = "<group>";
		};
		E06CAC662241374B008347AA /* ClipsKeyboardView.xib */ = {
			isa = PBXVariantGroup;
			children = (
				E06CAC652241374B008347AA /* Base */,
				E06CAC682241374F008347AA /* fr */,
				E06CAC6A22413757008347AA /* es */,
			);
			name = ClipsKeyboardView.xib;
			sourceTree = "<group>";
		};
		E06EC94D21C5ACA100687F9E /* Localizable.strings */ = {
			isa = PBXVariantGroup;
			children = (
				E06EC94C21C5ACA100687F9E /* en */,
				E06EC95021C5B2FD00687F9E /* fr */,
				E06EC95121C5B30000687F9E /* es */,
			);
			name = Localizable.strings;
			sourceTree = "<group>";
		};
		E07DC2FF2243495B00736DBD /* ShareConfigureView.xib */ = {
			isa = PBXVariantGroup;
			children = (
				E07DC2FE2243495B00736DBD /* Base */,
				E07DC3012243496100736DBD /* fr */,
				E07DC3032243496C00736DBD /* es */,
			);
			name = ShareConfigureView.xib;
			sourceTree = "<group>";
		};
		E0BB9D132245FBA300BAC38F /* InfoPlist.strings */ = {
			isa = PBXVariantGroup;
			children = (
				E0BB9D122245FBA300BAC38F /* en */,
				E0BB9D142245FBAE00BAC38F /* fr */,
				E0BB9D152245FBB300BAC38F /* es */,
			);
			name = InfoPlist.strings;
			sourceTree = "<group>";
		};
		E0BB9D1C2245FD3600BAC38F /* InfoPlist.strings */ = {
			isa = PBXVariantGroup;
			children = (
				E0BB9D1B2245FD3600BAC38F /* en */,
				E0BB9D1D2245FD3900BAC38F /* fr */,
				E0BB9D1E2245FD3B00BAC38F /* es */,
			);
			name = InfoPlist.strings;
			sourceTree = "<group>";
		};
		E0BB9D232245FD7A00BAC38F /* InfoPlist.strings */ = {
			isa = PBXVariantGroup;
			children = (
				E0BB9D222245FD7A00BAC38F /* en */,
				E0BB9D242245FD7C00BAC38F /* fr */,
				E0BB9D252245FD7E00BAC38F /* es */,
			);
			name = InfoPlist.strings;
			sourceTree = "<group>";
		};
		E0BB9D2A2245FDAF00BAC38F /* InfoPlist.strings */ = {
			isa = PBXVariantGroup;
			children = (
				E0BB9D292245FDAF00BAC38F /* en */,
				E0BB9D2B2245FDB100BAC38F /* fr */,
				E0BB9D2C2245FDB300BAC38F /* es */,
			);
			name = InfoPlist.strings;
			sourceTree = "<group>";
		};
/* End PBXVariantGroup section */

/* Begin XCBuildConfiguration section */
		E000A2FA251EECD6007EFFFF /* Debug */ = {
			isa = XCBuildConfiguration;
			buildSettings = {
				ASSETCATALOG_COMPILER_GLOBAL_ACCENT_COLOR_NAME = AccentColor;
				ASSETCATALOG_COMPILER_WIDGET_BACKGROUND_COLOR_NAME = WidgetBackground;
				CLANG_WARN_QUOTED_INCLUDE_IN_FRAMEWORK_HEADER = YES;
				CODE_SIGN_ENTITLEMENTS = "Clips Widget 2/Clips Widget 2Extension.entitlements";
				CODE_SIGN_IDENTITY = "iPhone Developer";
				CODE_SIGN_STYLE = Automatic;
				CURRENT_PROJECT_VERSION = 1;
				DEVELOPMENT_TEAM = FFB5P5C3G7;
				INFOPLIST_FILE = "Clips Widget 2/Info.plist";
				IPHONEOS_DEPLOYMENT_TARGET = 14.1;
				LD_RUNPATH_SEARCH_PATHS = (
					"$(inherited)",
					"@executable_path/Frameworks",
					"@executable_path/../../Frameworks",
				);
				MARKETING_VERSION = 2.1.3;
				MTL_ENABLE_DEBUG_INFO = INCLUDE_SOURCE;
				MTL_FAST_MATH = YES;
				PRODUCT_BUNDLE_IDENTIFIER = "com.williamwu.Clips.Clips-Widget-2";
				PRODUCT_NAME = "$(TARGET_NAME)";
				SKIP_INSTALL = YES;
				SWIFT_VERSION = 5.0;
				TARGETED_DEVICE_FAMILY = "1,2";
			};
			name = Debug;
		};
		E000A2FB251EECD6007EFFFF /* Release */ = {
			isa = XCBuildConfiguration;
			buildSettings = {
				ASSETCATALOG_COMPILER_GLOBAL_ACCENT_COLOR_NAME = AccentColor;
				ASSETCATALOG_COMPILER_WIDGET_BACKGROUND_COLOR_NAME = WidgetBackground;
				CLANG_WARN_QUOTED_INCLUDE_IN_FRAMEWORK_HEADER = YES;
				CODE_SIGN_ENTITLEMENTS = "Clips Widget 2/Clips Widget 2Extension.entitlements";
				CODE_SIGN_IDENTITY = "iPhone Developer";
				CODE_SIGN_STYLE = Automatic;
				CURRENT_PROJECT_VERSION = 1;
				DEVELOPMENT_TEAM = FFB5P5C3G7;
				INFOPLIST_FILE = "Clips Widget 2/Info.plist";
				IPHONEOS_DEPLOYMENT_TARGET = 14.1;
				LD_RUNPATH_SEARCH_PATHS = (
					"$(inherited)",
					"@executable_path/Frameworks",
					"@executable_path/../../Frameworks",
				);
				MARKETING_VERSION = 2.1.3;
				MTL_FAST_MATH = YES;
				PRODUCT_BUNDLE_IDENTIFIER = "com.williamwu.Clips.Clips-Widget-2";
				PRODUCT_NAME = "$(TARGET_NAME)";
				SKIP_INSTALL = YES;
				SWIFT_VERSION = 5.0;
				TARGETED_DEVICE_FAMILY = "1,2";
			};
			name = Release;
		};
		E00453EB26D98F2B00F38D51 /* Debug */ = {
			isa = XCBuildConfiguration;
			buildSettings = {
				CLANG_WARN_QUOTED_INCLUDE_IN_FRAMEWORK_HEADER = YES;
				CODE_SIGN_ENTITLEMENTS = ClipsIntents/ClipsIntents.entitlements;
				CODE_SIGN_IDENTITY = "iPhone Developer";
				CODE_SIGN_STYLE = Automatic;
				CURRENT_PROJECT_VERSION = 1;
				DEVELOPMENT_TEAM = FFB5P5C3G7;
				INFOPLIST_FILE = ClipsIntents/Info.plist;
				IPHONEOS_DEPLOYMENT_TARGET = 14.1;
				LD_RUNPATH_SEARCH_PATHS = (
					"$(inherited)",
					"@executable_path/Frameworks",
					"@executable_path/../../Frameworks",
				);
				MARKETING_VERSION = 2.1.3;
				MTL_ENABLE_DEBUG_INFO = INCLUDE_SOURCE;
				MTL_FAST_MATH = YES;
				PRODUCT_BUNDLE_IDENTIFIER = com.williamwu.Clips.ClipsIntents;
				PRODUCT_NAME = "$(TARGET_NAME)";
				SKIP_INSTALL = YES;
				SWIFT_VERSION = 5.0;
				TARGETED_DEVICE_FAMILY = "1,2";
			};
			name = Debug;
		};
		E00453EC26D98F2B00F38D51 /* Release */ = {
			isa = XCBuildConfiguration;
			buildSettings = {
				CLANG_WARN_QUOTED_INCLUDE_IN_FRAMEWORK_HEADER = YES;
				CODE_SIGN_ENTITLEMENTS = ClipsIntents/ClipsIntents.entitlements;
				CODE_SIGN_IDENTITY = "iPhone Developer";
				CODE_SIGN_STYLE = Automatic;
				CURRENT_PROJECT_VERSION = 1;
				DEVELOPMENT_TEAM = FFB5P5C3G7;
				INFOPLIST_FILE = ClipsIntents/Info.plist;
				IPHONEOS_DEPLOYMENT_TARGET = 14.1;
				LD_RUNPATH_SEARCH_PATHS = (
					"$(inherited)",
					"@executable_path/Frameworks",
					"@executable_path/../../Frameworks",
				);
				MARKETING_VERSION = 2.1.3;
				MTL_FAST_MATH = YES;
				PRODUCT_BUNDLE_IDENTIFIER = com.williamwu.Clips.ClipsIntents;
				PRODUCT_NAME = "$(TARGET_NAME)";
				SKIP_INSTALL = YES;
				SWIFT_VERSION = 5.0;
				TARGETED_DEVICE_FAMILY = "1,2";
			};
			name = Release;
		};
		E04106C9219D04F100DD68AD /* Debug */ = {
			isa = XCBuildConfiguration;
			buildSettings = {
				CODE_SIGN_ENTITLEMENTS = "Clips Widget/Clips Widget.entitlements";
				CODE_SIGN_IDENTITY = "iPhone Developer";
				CODE_SIGN_STYLE = Automatic;
				CURRENT_PROJECT_VERSION = 1;
				DEVELOPMENT_TEAM = FFB5P5C3G7;
				INFOPLIST_FILE = "Clips Widget/Info.plist";
				IPHONEOS_DEPLOYMENT_TARGET = 14.1;
				LD_RUNPATH_SEARCH_PATHS = (
					"$(inherited)",
					"@executable_path/Frameworks",
					"@executable_path/../../Frameworks",
				);
				MARKETING_VERSION = 2.1.3;
				PRODUCT_BUNDLE_IDENTIFIER = "com.williamwu.Clips.Clips-Widget";
				PRODUCT_NAME = "$(TARGET_NAME)";
				SKIP_INSTALL = YES;
				SWIFT_VERSION = 4.2;
				TARGETED_DEVICE_FAMILY = "1,2";
			};
			name = Debug;
		};
		E04106CA219D04F100DD68AD /* Release */ = {
			isa = XCBuildConfiguration;
			buildSettings = {
				CODE_SIGN_ENTITLEMENTS = "Clips Widget/Clips Widget.entitlements";
				CODE_SIGN_IDENTITY = "iPhone Developer";
				CODE_SIGN_STYLE = Automatic;
				CURRENT_PROJECT_VERSION = 1;
				DEVELOPMENT_TEAM = FFB5P5C3G7;
				INFOPLIST_FILE = "Clips Widget/Info.plist";
				IPHONEOS_DEPLOYMENT_TARGET = 14.1;
				LD_RUNPATH_SEARCH_PATHS = (
					"$(inherited)",
					"@executable_path/Frameworks",
					"@executable_path/../../Frameworks",
				);
				MARKETING_VERSION = 2.1.3;
				PRODUCT_BUNDLE_IDENTIFIER = "com.williamwu.Clips.Clips-Widget";
				PRODUCT_NAME = "$(TARGET_NAME)";
				SKIP_INSTALL = YES;
				SWIFT_VERSION = 4.2;
				TARGETED_DEVICE_FAMILY = "1,2";
			};
			name = Release;
		};
		E041A73721E3D65800B58DD5 /* Debug */ = {
			isa = XCBuildConfiguration;
			buildSettings = {
				CODE_SIGN_ENTITLEMENTS = "Clips Share/Clips Share.entitlements";
				CODE_SIGN_IDENTITY = "iPhone Developer";
				CODE_SIGN_STYLE = Automatic;
				CURRENT_PROJECT_VERSION = 1;
				DEVELOPMENT_TEAM = FFB5P5C3G7;
				INFOPLIST_FILE = "Clips Share/Info.plist";
				IPHONEOS_DEPLOYMENT_TARGET = 14.1;
				LD_RUNPATH_SEARCH_PATHS = (
					"$(inherited)",
					"@executable_path/Frameworks",
					"@executable_path/../../Frameworks",
				);
				MARKETING_VERSION = 2.1.3;
				MTL_ENABLE_DEBUG_INFO = INCLUDE_SOURCE;
				MTL_FAST_MATH = YES;
				PRODUCT_BUNDLE_IDENTIFIER = "com.williamwu.Clips.Clips-Share";
				PRODUCT_NAME = "$(TARGET_NAME)";
				SKIP_INSTALL = YES;
				SWIFT_VERSION = 4.2;
				TARGETED_DEVICE_FAMILY = "1,2";
			};
			name = Debug;
		};
		E041A73821E3D65800B58DD5 /* Release */ = {
			isa = XCBuildConfiguration;
			buildSettings = {
				CODE_SIGN_ENTITLEMENTS = "Clips Share/Clips Share.entitlements";
				CODE_SIGN_IDENTITY = "iPhone Developer";
				CODE_SIGN_STYLE = Automatic;
				CURRENT_PROJECT_VERSION = 1;
				DEVELOPMENT_TEAM = FFB5P5C3G7;
				INFOPLIST_FILE = "Clips Share/Info.plist";
				IPHONEOS_DEPLOYMENT_TARGET = 14.1;
				LD_RUNPATH_SEARCH_PATHS = (
					"$(inherited)",
					"@executable_path/Frameworks",
					"@executable_path/../../Frameworks",
				);
				MARKETING_VERSION = 2.1.3;
				MTL_FAST_MATH = YES;
				PRODUCT_BUNDLE_IDENTIFIER = "com.williamwu.Clips.Clips-Share";
				PRODUCT_NAME = "$(TARGET_NAME)";
				SKIP_INSTALL = YES;
				SWIFT_VERSION = 4.2;
				TARGETED_DEVICE_FAMILY = "1,2";
			};
			name = Release;
		};
		E056F90020CEE46E0025E2FE /* Debug */ = {
			isa = XCBuildConfiguration;
			buildSettings = {
				ALWAYS_SEARCH_USER_PATHS = NO;
				CLANG_ANALYZER_LOCALIZABILITY_NONLOCALIZED = YES;
				CLANG_ANALYZER_NONNULL = YES;
				CLANG_ANALYZER_NUMBER_OBJECT_CONVERSION = YES_AGGRESSIVE;
				CLANG_CXX_LANGUAGE_STANDARD = "gnu++14";
				CLANG_CXX_LIBRARY = "libc++";
				CLANG_ENABLE_MODULES = YES;
				CLANG_ENABLE_OBJC_ARC = YES;
				CLANG_ENABLE_OBJC_WEAK = YES;
				CLANG_WARN_BLOCK_CAPTURE_AUTORELEASING = YES;
				CLANG_WARN_BOOL_CONVERSION = YES;
				CLANG_WARN_COMMA = YES;
				CLANG_WARN_CONSTANT_CONVERSION = YES;
				CLANG_WARN_DEPRECATED_OBJC_IMPLEMENTATIONS = YES;
				CLANG_WARN_DIRECT_OBJC_ISA_USAGE = YES_ERROR;
				CLANG_WARN_DOCUMENTATION_COMMENTS = YES;
				CLANG_WARN_EMPTY_BODY = YES;
				CLANG_WARN_ENUM_CONVERSION = YES;
				CLANG_WARN_INFINITE_RECURSION = YES;
				CLANG_WARN_INT_CONVERSION = YES;
				CLANG_WARN_NON_LITERAL_NULL_CONVERSION = YES;
				CLANG_WARN_OBJC_IMPLICIT_RETAIN_SELF = YES;
				CLANG_WARN_OBJC_LITERAL_CONVERSION = YES;
				CLANG_WARN_OBJC_ROOT_CLASS = YES_ERROR;
				CLANG_WARN_RANGE_LOOP_ANALYSIS = YES;
				CLANG_WARN_STRICT_PROTOTYPES = YES;
				CLANG_WARN_SUSPICIOUS_MOVE = YES;
				CLANG_WARN_UNGUARDED_AVAILABILITY = YES_AGGRESSIVE;
				CLANG_WARN_UNREACHABLE_CODE = YES;
				CLANG_WARN__DUPLICATE_METHOD_MATCH = YES;
				CODE_SIGN_IDENTITY = "iPhone Developer";
				COPY_PHASE_STRIP = NO;
				DEBUG_INFORMATION_FORMAT = dwarf;
				ENABLE_STRICT_OBJC_MSGSEND = YES;
				ENABLE_TESTABILITY = YES;
				GCC_C_LANGUAGE_STANDARD = gnu11;
				GCC_DYNAMIC_NO_PIC = NO;
				GCC_NO_COMMON_BLOCKS = YES;
				GCC_OPTIMIZATION_LEVEL = 0;
				GCC_PREPROCESSOR_DEFINITIONS = (
					"DEBUG=1",
					"$(inherited)",
				);
				GCC_WARN_64_TO_32_BIT_CONVERSION = YES;
				GCC_WARN_ABOUT_RETURN_TYPE = YES_ERROR;
				GCC_WARN_UNDECLARED_SELECTOR = YES;
				GCC_WARN_UNINITIALIZED_AUTOS = YES_AGGRESSIVE;
				GCC_WARN_UNUSED_FUNCTION = YES;
				GCC_WARN_UNUSED_VARIABLE = YES;
				IPHONEOS_DEPLOYMENT_TARGET = 13.0;
				MTL_ENABLE_DEBUG_INFO = YES;
				ONLY_ACTIVE_ARCH = YES;
				SDKROOT = iphoneos;
				SWIFT_ACTIVE_COMPILATION_CONDITIONS = DEBUG;
				SWIFT_OPTIMIZATION_LEVEL = "-Onone";
			};
			name = Debug;
		};
		E056F90120CEE46E0025E2FE /* Release */ = {
			isa = XCBuildConfiguration;
			buildSettings = {
				ALWAYS_SEARCH_USER_PATHS = NO;
				CLANG_ANALYZER_LOCALIZABILITY_NONLOCALIZED = YES;
				CLANG_ANALYZER_NONNULL = YES;
				CLANG_ANALYZER_NUMBER_OBJECT_CONVERSION = YES_AGGRESSIVE;
				CLANG_CXX_LANGUAGE_STANDARD = "gnu++14";
				CLANG_CXX_LIBRARY = "libc++";
				CLANG_ENABLE_MODULES = YES;
				CLANG_ENABLE_OBJC_ARC = YES;
				CLANG_ENABLE_OBJC_WEAK = YES;
				CLANG_WARN_BLOCK_CAPTURE_AUTORELEASING = YES;
				CLANG_WARN_BOOL_CONVERSION = YES;
				CLANG_WARN_COMMA = YES;
				CLANG_WARN_CONSTANT_CONVERSION = YES;
				CLANG_WARN_DEPRECATED_OBJC_IMPLEMENTATIONS = YES;
				CLANG_WARN_DIRECT_OBJC_ISA_USAGE = YES_ERROR;
				CLANG_WARN_DOCUMENTATION_COMMENTS = YES;
				CLANG_WARN_EMPTY_BODY = YES;
				CLANG_WARN_ENUM_CONVERSION = YES;
				CLANG_WARN_INFINITE_RECURSION = YES;
				CLANG_WARN_INT_CONVERSION = YES;
				CLANG_WARN_NON_LITERAL_NULL_CONVERSION = YES;
				CLANG_WARN_OBJC_IMPLICIT_RETAIN_SELF = YES;
				CLANG_WARN_OBJC_LITERAL_CONVERSION = YES;
				CLANG_WARN_OBJC_ROOT_CLASS = YES_ERROR;
				CLANG_WARN_RANGE_LOOP_ANALYSIS = YES;
				CLANG_WARN_STRICT_PROTOTYPES = YES;
				CLANG_WARN_SUSPICIOUS_MOVE = YES;
				CLANG_WARN_UNGUARDED_AVAILABILITY = YES_AGGRESSIVE;
				CLANG_WARN_UNREACHABLE_CODE = YES;
				CLANG_WARN__DUPLICATE_METHOD_MATCH = YES;
				CODE_SIGN_IDENTITY = "iPhone Developer";
				COPY_PHASE_STRIP = NO;
				DEBUG_INFORMATION_FORMAT = "dwarf-with-dsym";
				ENABLE_NS_ASSERTIONS = NO;
				ENABLE_STRICT_OBJC_MSGSEND = YES;
				GCC_C_LANGUAGE_STANDARD = gnu11;
				GCC_NO_COMMON_BLOCKS = YES;
				GCC_WARN_64_TO_32_BIT_CONVERSION = YES;
				GCC_WARN_ABOUT_RETURN_TYPE = YES_ERROR;
				GCC_WARN_UNDECLARED_SELECTOR = YES;
				GCC_WARN_UNINITIALIZED_AUTOS = YES_AGGRESSIVE;
				GCC_WARN_UNUSED_FUNCTION = YES;
				GCC_WARN_UNUSED_VARIABLE = YES;
				IPHONEOS_DEPLOYMENT_TARGET = 13.0;
				MTL_ENABLE_DEBUG_INFO = NO;
				SDKROOT = iphoneos;
				SWIFT_COMPILATION_MODE = wholemodule;
				SWIFT_OPTIMIZATION_LEVEL = "-O";
				VALIDATE_PRODUCT = YES;
			};
			name = Release;
		};
		E056F90320CEE46E0025E2FE /* Debug */ = {
			isa = XCBuildConfiguration;
			buildSettings = {
				ALWAYS_EMBED_SWIFT_STANDARD_LIBRARIES = YES;
				ASSETCATALOG_COMPILER_APPICON_NAME = AppIcon;
				CODE_SIGN_ENTITLEMENTS = Clips/Clips.entitlements;
				CODE_SIGN_IDENTITY = "iPhone Developer";
				CODE_SIGN_STYLE = Automatic;
				CURRENT_PROJECT_VERSION = 1;
				DEVELOPMENT_TEAM = FFB5P5C3G7;
				INFOPLIST_FILE = "$(SRCROOT)/Clips/Info.plist";
				IPHONEOS_DEPLOYMENT_TARGET = 14.1;
				LD_RUNPATH_SEARCH_PATHS = (
					"$(inherited)",
					"@executable_path/Frameworks",
				);
				MARKETING_VERSION = 2.2.0;
				PRODUCT_BUNDLE_IDENTIFIER = com.williamwu.Clips;
				PRODUCT_NAME = "$(TARGET_NAME)";
				SWIFT_VERSION = 4.2;
				TARGETED_DEVICE_FAMILY = "1,2";
			};
			name = Debug;
		};
		E056F90420CEE46E0025E2FE /* Release */ = {
			isa = XCBuildConfiguration;
			buildSettings = {
				ALWAYS_EMBED_SWIFT_STANDARD_LIBRARIES = YES;
				ASSETCATALOG_COMPILER_APPICON_NAME = AppIcon;
				CODE_SIGN_ENTITLEMENTS = Clips/Clips.entitlements;
				CODE_SIGN_IDENTITY = "iPhone Developer";
				CODE_SIGN_STYLE = Automatic;
				CURRENT_PROJECT_VERSION = 1;
				DEVELOPMENT_TEAM = FFB5P5C3G7;
				INFOPLIST_FILE = "$(SRCROOT)/Clips/Info.plist";
				IPHONEOS_DEPLOYMENT_TARGET = 14.1;
				LD_RUNPATH_SEARCH_PATHS = (
					"$(inherited)",
					"@executable_path/Frameworks",
				);
				MARKETING_VERSION = 2.2.0;
				PRODUCT_BUNDLE_IDENTIFIER = com.williamwu.Clips;
				PRODUCT_NAME = "$(TARGET_NAME)";
				SWIFT_VERSION = 4.2;
				TARGETED_DEVICE_FAMILY = "1,2";
			};
			name = Release;
		};
		E0A51ADC21C6CABA00FCCCA9 /* Debug */ = {
			isa = XCBuildConfiguration;
			buildSettings = {
				CODE_SIGN_ENTITLEMENTS = "Clips Keyboard/Clips Keyboard.entitlements";
				CODE_SIGN_IDENTITY = "iPhone Developer";
				CODE_SIGN_STYLE = Automatic;
				CURRENT_PROJECT_VERSION = 1;
				DEVELOPMENT_TEAM = FFB5P5C3G7;
				INFOPLIST_FILE = "Clips Keyboard/Info.plist";
				IPHONEOS_DEPLOYMENT_TARGET = 14.1;
				LD_RUNPATH_SEARCH_PATHS = (
					"$(inherited)",
					"@executable_path/Frameworks",
					"@executable_path/../../Frameworks",
				);
				MARKETING_VERSION = 2.1.3;
				MTL_ENABLE_DEBUG_INFO = INCLUDE_SOURCE;
				MTL_FAST_MATH = YES;
				PRODUCT_BUNDLE_IDENTIFIER = "com.williamwu.Clips.Clips-Keyboard";
				PRODUCT_NAME = "$(TARGET_NAME)";
				SKIP_INSTALL = YES;
				SWIFT_VERSION = 4.2;
				TARGETED_DEVICE_FAMILY = "1,2";
			};
			name = Debug;
		};
		E0A51ADD21C6CABA00FCCCA9 /* Release */ = {
			isa = XCBuildConfiguration;
			buildSettings = {
				CODE_SIGN_ENTITLEMENTS = "Clips Keyboard/Clips Keyboard.entitlements";
				CODE_SIGN_IDENTITY = "iPhone Developer";
				CODE_SIGN_STYLE = Automatic;
				CURRENT_PROJECT_VERSION = 1;
				DEVELOPMENT_TEAM = FFB5P5C3G7;
				INFOPLIST_FILE = "Clips Keyboard/Info.plist";
				IPHONEOS_DEPLOYMENT_TARGET = 14.1;
				LD_RUNPATH_SEARCH_PATHS = (
					"$(inherited)",
					"@executable_path/Frameworks",
					"@executable_path/../../Frameworks",
				);
				MARKETING_VERSION = 2.1.3;
				MTL_FAST_MATH = YES;
				PRODUCT_BUNDLE_IDENTIFIER = "com.williamwu.Clips.Clips-Keyboard";
				PRODUCT_NAME = "$(TARGET_NAME)";
				SKIP_INSTALL = YES;
				SWIFT_VERSION = 4.2;
				TARGETED_DEVICE_FAMILY = "1,2";
			};
			name = Release;
		};
		E0CAD76B26D6E85E00B10E72 /* Debug */ = {
			isa = XCBuildConfiguration;
			buildSettings = {
				APPLICATION_EXTENSION_API_ONLY = YES;
				CLANG_WARN_QUOTED_INCLUDE_IN_FRAMEWORK_HEADER = YES;
				CODE_SIGN_STYLE = Automatic;
				CURRENT_PROJECT_VERSION = 1;
				DEFINES_MODULE = YES;
				DEVELOPMENT_TEAM = FFB5P5C3G7;
				DYLIB_COMPATIBILITY_VERSION = 1;
				DYLIB_CURRENT_VERSION = 1;
				DYLIB_INSTALL_NAME_BASE = "@rpath";
				INFOPLIST_FILE = ClipsKit/Info.plist;
				INSTALL_PATH = "$(LOCAL_LIBRARY_DIR)/Frameworks";
				IPHONEOS_DEPLOYMENT_TARGET = 14.1;
				LD_RUNPATH_SEARCH_PATHS = (
					"$(inherited)",
					"@executable_path/Frameworks",
					"@loader_path/Frameworks",
				);
				MACH_O_TYPE = mh_dylib;
				MARKETING_VERSION = 2.1.3;
				MTL_ENABLE_DEBUG_INFO = INCLUDE_SOURCE;
				MTL_FAST_MATH = YES;
				PRODUCT_BUNDLE_IDENTIFIER = com.williamwu.ClipsKit;
				PRODUCT_NAME = "$(TARGET_NAME:c99extidentifier)";
				SKIP_INSTALL = YES;
				SWIFT_VERSION = 5.0;
				TARGETED_DEVICE_FAMILY = "1,2";
				VERSIONING_SYSTEM = "apple-generic";
				VERSION_INFO_PREFIX = "";
			};
			name = Debug;
		};
		E0CAD76C26D6E85E00B10E72 /* Release */ = {
			isa = XCBuildConfiguration;
			buildSettings = {
				APPLICATION_EXTENSION_API_ONLY = YES;
				CLANG_WARN_QUOTED_INCLUDE_IN_FRAMEWORK_HEADER = YES;
				CODE_SIGN_STYLE = Automatic;
				CURRENT_PROJECT_VERSION = 1;
				DEFINES_MODULE = YES;
				DEVELOPMENT_TEAM = FFB5P5C3G7;
				DYLIB_COMPATIBILITY_VERSION = 1;
				DYLIB_CURRENT_VERSION = 1;
				DYLIB_INSTALL_NAME_BASE = "@rpath";
				INFOPLIST_FILE = ClipsKit/Info.plist;
				INSTALL_PATH = "$(LOCAL_LIBRARY_DIR)/Frameworks";
				IPHONEOS_DEPLOYMENT_TARGET = 14.1;
				LD_RUNPATH_SEARCH_PATHS = (
					"$(inherited)",
					"@executable_path/Frameworks",
					"@loader_path/Frameworks",
				);
				MACH_O_TYPE = mh_dylib;
				MARKETING_VERSION = 2.1.3;
				MTL_FAST_MATH = YES;
				PRODUCT_BUNDLE_IDENTIFIER = com.williamwu.ClipsKit;
				PRODUCT_NAME = "$(TARGET_NAME:c99extidentifier)";
				SKIP_INSTALL = YES;
				SWIFT_VERSION = 5.0;
				TARGETED_DEVICE_FAMILY = "1,2";
				VERSIONING_SYSTEM = "apple-generic";
				VERSION_INFO_PREFIX = "";
			};
			name = Release;
		};
/* End XCBuildConfiguration section */

/* Begin XCConfigurationList section */
		E000A2FC251EECD6007EFFFF /* Build configuration list for PBXNativeTarget "Clips Widget 2Extension" */ = {
			isa = XCConfigurationList;
			buildConfigurations = (
				E000A2FA251EECD6007EFFFF /* Debug */,
				E000A2FB251EECD6007EFFFF /* Release */,
			);
			defaultConfigurationIsVisible = 0;
			defaultConfigurationName = Release;
		};
		E00453ED26D98F2B00F38D51 /* Build configuration list for PBXNativeTarget "ClipsIntents" */ = {
			isa = XCConfigurationList;
			buildConfigurations = (
				E00453EB26D98F2B00F38D51 /* Debug */,
				E00453EC26D98F2B00F38D51 /* Release */,
			);
			defaultConfigurationIsVisible = 0;
			defaultConfigurationName = Release;
		};
		E04106C8219D04F100DD68AD /* Build configuration list for PBXNativeTarget "Copy Better Widget" */ = {
			isa = XCConfigurationList;
			buildConfigurations = (
				E04106C9219D04F100DD68AD /* Debug */,
				E04106CA219D04F100DD68AD /* Release */,
			);
			defaultConfigurationIsVisible = 0;
			defaultConfigurationName = Release;
		};
		E041A73621E3D65800B58DD5 /* Build configuration list for PBXNativeTarget "Copy Better Share" */ = {
			isa = XCConfigurationList;
			buildConfigurations = (
				E041A73721E3D65800B58DD5 /* Debug */,
				E041A73821E3D65800B58DD5 /* Release */,
			);
			defaultConfigurationIsVisible = 0;
			defaultConfigurationName = Release;
		};
		E056F8E820CEE46C0025E2FE /* Build configuration list for PBXProject "Clips" */ = {
			isa = XCConfigurationList;
			buildConfigurations = (
				E056F90020CEE46E0025E2FE /* Debug */,
				E056F90120CEE46E0025E2FE /* Release */,
			);
			defaultConfigurationIsVisible = 0;
			defaultConfigurationName = Release;
		};
		E056F90220CEE46E0025E2FE /* Build configuration list for PBXNativeTarget "Copy Better" */ = {
			isa = XCConfigurationList;
			buildConfigurations = (
				E056F90320CEE46E0025E2FE /* Debug */,
				E056F90420CEE46E0025E2FE /* Release */,
			);
			defaultConfigurationIsVisible = 0;
			defaultConfigurationName = Release;
		};
		E0A51ADE21C6CABA00FCCCA9 /* Build configuration list for PBXNativeTarget "Copy Better Keyboard" */ = {
			isa = XCConfigurationList;
			buildConfigurations = (
				E0A51ADC21C6CABA00FCCCA9 /* Debug */,
				E0A51ADD21C6CABA00FCCCA9 /* Release */,
			);
			defaultConfigurationIsVisible = 0;
			defaultConfigurationName = Release;
		};
		E0CAD76D26D6E85E00B10E72 /* Build configuration list for PBXNativeTarget "ClipsKit" */ = {
			isa = XCConfigurationList;
			buildConfigurations = (
				E0CAD76B26D6E85E00B10E72 /* Debug */,
				E0CAD76C26D6E85E00B10E72 /* Release */,
			);
			defaultConfigurationIsVisible = 0;
			defaultConfigurationName = Release;
		};
/* End XCConfigurationList section */

/* Begin XCVersionGroup section */
		E056F8F720CEE46C0025E2FE /* Clips.xcdatamodeld */ = {
			isa = XCVersionGroup;
			children = (
				E09B79A224DE03F7005E1736 /* Clipboard_Manager v2.xcdatamodel */,
				E056F8F820CEE46C0025E2FE /* Clipboard_Manager.xcdatamodel */,
			);
			currentVersion = E09B79A224DE03F7005E1736 /* Clipboard_Manager v2.xcdatamodel */;
			path = Clips.xcdatamodeld;
			sourceTree = "<group>";
			versionGroupType = wrapper.xcdatamodel;
		};
/* End XCVersionGroup section */
	};
	rootObject = E056F8E520CEE46C0025E2FE /* Project object */;
}
