// !$*UTF8*$!
{
	archiveVersion = 1;
	classes = {
	};
	objectVersion = 50;
	objects = {

/* Begin PBXBuildFile section */
		E04106BD219D04F100DD68AD /* NotificationCenter.framework in Frameworks */ = {isa = PBXBuildFile; fileRef = E04106BC219D04F100DD68AD /* NotificationCenter.framework */; };
		E04106C0219D04F100DD68AD /* TodayViewController.swift in Sources */ = {isa = PBXBuildFile; fileRef = E04106BF219D04F100DD68AD /* TodayViewController.swift */; };
		E04106C3219D04F100DD68AD /* MainInterface.storyboard in Resources */ = {isa = PBXBuildFile; fileRef = E04106C1219D04F100DD68AD /* MainInterface.storyboard */; };
		E04106C7219D04F100DD68AD /* Clipboard Widget.appex in Embed App Extensions */ = {isa = PBXBuildFile; fileRef = E04106BA219D04F100DD68AD /* Clipboard Widget.appex */; settings = {ATTRIBUTES = (RemoveHeadersOnCopy, ); }; };
		E056F8F120CEE46C0025E2FE /* AppDelegate.swift in Sources */ = {isa = PBXBuildFile; fileRef = E056F8F020CEE46C0025E2FE /* AppDelegate.swift */; };
		E056F8F620CEE46C0025E2FE /* Main.storyboard in Resources */ = {isa = PBXBuildFile; fileRef = E056F8F420CEE46C0025E2FE /* Main.storyboard */; };
		E056F8F920CEE46C0025E2FE /* Clipboard.xcdatamodeld in Sources */ = {isa = PBXBuildFile; fileRef = E056F8F720CEE46C0025E2FE /* Clipboard.xcdatamodeld */; };
		E056F8FB20CEE46E0025E2FE /* Assets.xcassets in Resources */ = {isa = PBXBuildFile; fileRef = E056F8FA20CEE46E0025E2FE /* Assets.xcassets */; };
		E056F8FE20CEE46E0025E2FE /* LaunchScreen.storyboard in Resources */ = {isa = PBXBuildFile; fileRef = E056F8FC20CEE46E0025E2FE /* LaunchScreen.storyboard */; };
		E06AA128219D31CE0015A30F /* MainTableViewController.swift in Sources */ = {isa = PBXBuildFile; fileRef = E06AA127219D31CE0015A30F /* MainTableViewController.swift */; };
		E06AA12A219D32500015A30F /* ClipTableViewCell.swift in Sources */ = {isa = PBXBuildFile; fileRef = E06AA129219D32500015A30F /* ClipTableViewCell.swift */; };
		E06AA130219D32DE0015A30F /* ClipViewController.swift in Sources */ = {isa = PBXBuildFile; fileRef = E06AA12F219D32DE0015A30F /* ClipViewController.swift */; };
		E06AA132219D32F60015A30F /* EditClipTableViewController.swift in Sources */ = {isa = PBXBuildFile; fileRef = E06AA131219D32F60015A30F /* EditClipTableViewController.swift */; };
		E06AA134219D331E0015A30F /* SettingsTableViewController.swift in Sources */ = {isa = PBXBuildFile; fileRef = E06AA133219D331E0015A30F /* SettingsTableViewController.swift */; };
		E06AA136219D37BE0015A30F /* ClipboardManager.swift in Sources */ = {isa = PBXBuildFile; fileRef = E06AA135219D37BE0015A30F /* ClipboardManager.swift */; };
		E0858C2F21A0F0240089AE53 /* Clip+CoreDataClass.swift in Sources */ = {isa = PBXBuildFile; fileRef = E0858C2D21A0F0240089AE53 /* Clip+CoreDataClass.swift */; };
		E0858C3021A0F0240089AE53 /* Clip+CoreDataClass.swift in Sources */ = {isa = PBXBuildFile; fileRef = E0858C2D21A0F0240089AE53 /* Clip+CoreDataClass.swift */; };
		E0858C3121A0F0240089AE53 /* Clip+CoreDataProperties.swift in Sources */ = {isa = PBXBuildFile; fileRef = E0858C2E21A0F0240089AE53 /* Clip+CoreDataProperties.swift */; };
		E0858C3221A0F0240089AE53 /* Clip+CoreDataProperties.swift in Sources */ = {isa = PBXBuildFile; fileRef = E0858C2E21A0F0240089AE53 /* Clip+CoreDataProperties.swift */; };
		E0CC277621AD9A04000FEF5A /* AboutTableViewController.swift in Sources */ = {isa = PBXBuildFile; fileRef = E0CC277521AD9A04000FEF5A /* AboutTableViewController.swift */; };
		E0D67EE3219E925600559CA6 /* DefaultClipboard.plist in Resources */ = {isa = PBXBuildFile; fileRef = E0D67EE2219E925600559CA6 /* DefaultClipboard.plist */; };
		E0D67EE4219E925600559CA6 /* DefaultClipboard.plist in Resources */ = {isa = PBXBuildFile; fileRef = E0D67EE2219E925600559CA6 /* DefaultClipboard.plist */; };
		E0F5BE0821A8BE9600422DC1 /* String+HTML.swift in Sources */ = {isa = PBXBuildFile; fileRef = E0F5BE0721A8BE9600422DC1 /* String+HTML.swift */; };
/* End PBXBuildFile section */

/* Begin PBXContainerItemProxy section */
		E04106C5219D04F100DD68AD /* PBXContainerItemProxy */ = {
			isa = PBXContainerItemProxy;
			containerPortal = E056F8E520CEE46C0025E2FE /* Project object */;
			proxyType = 1;
			remoteGlobalIDString = E04106B9219D04F100DD68AD;
			remoteInfo = "Clipboard Widget";
		};
/* End PBXContainerItemProxy section */

/* Begin PBXCopyFilesBuildPhase section */
		E04106CB219D04F100DD68AD /* Embed App Extensions */ = {
			isa = PBXCopyFilesBuildPhase;
			buildActionMask = 2147483647;
			dstPath = "";
			dstSubfolderSpec = 13;
			files = (
				E04106C7219D04F100DD68AD /* Clipboard Widget.appex in Embed App Extensions */,
			);
			name = "Embed App Extensions";
			runOnlyForDeploymentPostprocessing = 0;
		};
/* End PBXCopyFilesBuildPhase section */

/* Begin PBXFileReference section */
		E04106BA219D04F100DD68AD /* Clipboard Widget.appex */ = {isa = PBXFileReference; explicitFileType = "wrapper.app-extension"; includeInIndex = 0; path = "Clipboard Widget.appex"; sourceTree = BUILT_PRODUCTS_DIR; };
		E04106BC219D04F100DD68AD /* NotificationCenter.framework */ = {isa = PBXFileReference; lastKnownFileType = wrapper.framework; name = NotificationCenter.framework; path = System/Library/Frameworks/NotificationCenter.framework; sourceTree = SDKROOT; };
		E04106BF219D04F100DD68AD /* TodayViewController.swift */ = {isa = PBXFileReference; lastKnownFileType = sourcecode.swift; path = TodayViewController.swift; sourceTree = "<group>"; };
		E04106C2219D04F100DD68AD /* Base */ = {isa = PBXFileReference; lastKnownFileType = file.storyboard; name = Base; path = Base.lproj/MainInterface.storyboard; sourceTree = "<group>"; };
		E04106C4219D04F100DD68AD /* Info.plist */ = {isa = PBXFileReference; lastKnownFileType = text.plist.xml; path = Info.plist; sourceTree = "<group>"; };
		E056F8ED20CEE46C0025E2FE /* Clipboard.app */ = {isa = PBXFileReference; explicitFileType = wrapper.application; includeInIndex = 0; path = Clipboard.app; sourceTree = BUILT_PRODUCTS_DIR; };
		E056F8F020CEE46C0025E2FE /* AppDelegate.swift */ = {isa = PBXFileReference; lastKnownFileType = sourcecode.swift; path = AppDelegate.swift; sourceTree = "<group>"; };
		E056F8F520CEE46C0025E2FE /* Base */ = {isa = PBXFileReference; lastKnownFileType = file.storyboard; name = Base; path = Base.lproj/Main.storyboard; sourceTree = "<group>"; };
		E056F8F820CEE46C0025E2FE /* Clipboard_Manager.xcdatamodel */ = {isa = PBXFileReference; lastKnownFileType = wrapper.xcdatamodel; path = Clipboard_Manager.xcdatamodel; sourceTree = "<group>"; };
		E056F8FA20CEE46E0025E2FE /* Assets.xcassets */ = {isa = PBXFileReference; lastKnownFileType = folder.assetcatalog; path = Assets.xcassets; sourceTree = "<group>"; };
		E056F8FD20CEE46E0025E2FE /* Base */ = {isa = PBXFileReference; lastKnownFileType = file.storyboard; name = Base; path = Base.lproj/LaunchScreen.storyboard; sourceTree = "<group>"; };
		E056F8FF20CEE46E0025E2FE /* Info.plist */ = {isa = PBXFileReference; lastKnownFileType = text.plist.xml; path = Info.plist; sourceTree = "<group>"; };
		E06AA127219D31CE0015A30F /* MainTableViewController.swift */ = {isa = PBXFileReference; lastKnownFileType = sourcecode.swift; path = MainTableViewController.swift; sourceTree = "<group>"; };
		E06AA129219D32500015A30F /* ClipTableViewCell.swift */ = {isa = PBXFileReference; lastKnownFileType = sourcecode.swift; path = ClipTableViewCell.swift; sourceTree = "<group>"; };
		E06AA12F219D32DE0015A30F /* ClipViewController.swift */ = {isa = PBXFileReference; lastKnownFileType = sourcecode.swift; path = ClipViewController.swift; sourceTree = "<group>"; };
		E06AA131219D32F60015A30F /* EditClipTableViewController.swift */ = {isa = PBXFileReference; lastKnownFileType = sourcecode.swift; path = EditClipTableViewController.swift; sourceTree = "<group>"; };
		E06AA133219D331E0015A30F /* SettingsTableViewController.swift */ = {isa = PBXFileReference; lastKnownFileType = sourcecode.swift; path = SettingsTableViewController.swift; sourceTree = "<group>"; };
		E06AA135219D37BE0015A30F /* ClipboardManager.swift */ = {isa = PBXFileReference; lastKnownFileType = sourcecode.swift; path = ClipboardManager.swift; sourceTree = "<group>"; };
		E0858C2D21A0F0240089AE53 /* Clip+CoreDataClass.swift */ = {isa = PBXFileReference; lastKnownFileType = sourcecode.swift; path = "Clip+CoreDataClass.swift"; sourceTree = "<group>"; };
		E0858C2E21A0F0240089AE53 /* Clip+CoreDataProperties.swift */ = {isa = PBXFileReference; lastKnownFileType = sourcecode.swift; path = "Clip+CoreDataProperties.swift"; sourceTree = "<group>"; };
		E0CC277521AD9A04000FEF5A /* AboutTableViewController.swift */ = {isa = PBXFileReference; lastKnownFileType = sourcecode.swift; path = AboutTableViewController.swift; sourceTree = "<group>"; };
		E0D67EE0219E8B6700559CA6 /* Clipboard.entitlements */ = {isa = PBXFileReference; lastKnownFileType = text.plist.entitlements; path = Clipboard.entitlements; sourceTree = "<group>"; };
		E0D67EE1219E8CB100559CA6 /* Clipboard Widget.entitlements */ = {isa = PBXFileReference; lastKnownFileType = text.plist.entitlements; path = "Clipboard Widget.entitlements"; sourceTree = "<group>"; };
		E0D67EE2219E925600559CA6 /* DefaultClipboard.plist */ = {isa = PBXFileReference; lastKnownFileType = text.plist.xml; path = DefaultClipboard.plist; sourceTree = "<group>"; };
		E0F5BE0721A8BE9600422DC1 /* String+HTML.swift */ = {isa = PBXFileReference; lastKnownFileType = sourcecode.swift; path = "String+HTML.swift"; sourceTree = "<group>"; };
/* End PBXFileReference section */

/* Begin PBXFrameworksBuildPhase section */
		E04106B7219D04F100DD68AD /* Frameworks */ = {
			isa = PBXFrameworksBuildPhase;
			buildActionMask = 2147483647;
			files = (
				E04106BD219D04F100DD68AD /* NotificationCenter.framework in Frameworks */,
			);
			runOnlyForDeploymentPostprocessing = 0;
		};
		E056F8EA20CEE46C0025E2FE /* Frameworks */ = {
			isa = PBXFrameworksBuildPhase;
			buildActionMask = 2147483647;
			files = (
			);
			runOnlyForDeploymentPostprocessing = 0;
		};
/* End PBXFrameworksBuildPhase section */

/* Begin PBXGroup section */
		E04106BB219D04F100DD68AD /* Frameworks */ = {
			isa = PBXGroup;
			children = (
				E04106BC219D04F100DD68AD /* NotificationCenter.framework */,
			);
			name = Frameworks;
			sourceTree = "<group>";
		};
		E04106BE219D04F100DD68AD /* Clipboard Widget */ = {
			isa = PBXGroup;
			children = (
				E0D67EE1219E8CB100559CA6 /* Clipboard Widget.entitlements */,
				E04106BF219D04F100DD68AD /* TodayViewController.swift */,
				E04106C1219D04F100DD68AD /* MainInterface.storyboard */,
				E04106C4219D04F100DD68AD /* Info.plist */,
			);
			path = "Clipboard Widget";
			sourceTree = "<group>";
		};
		E056F8E420CEE46C0025E2FE = {
			isa = PBXGroup;
			children = (
				E0858C2D21A0F0240089AE53 /* Clip+CoreDataClass.swift */,
				E0858C2E21A0F0240089AE53 /* Clip+CoreDataProperties.swift */,
				E056F8EF20CEE46C0025E2FE /* Clipboard */,
				E04106BE219D04F100DD68AD /* Clipboard Widget */,
				E04106BB219D04F100DD68AD /* Frameworks */,
				E056F8EE20CEE46C0025E2FE /* Products */,
			);
			sourceTree = "<group>";
		};
		E056F8EE20CEE46C0025E2FE /* Products */ = {
			isa = PBXGroup;
			children = (
				E056F8ED20CEE46C0025E2FE /* Clipboard.app */,
				E04106BA219D04F100DD68AD /* Clipboard Widget.appex */,
			);
			name = Products;
			sourceTree = "<group>";
		};
		E056F8EF20CEE46C0025E2FE /* Clipboard */ = {
			isa = PBXGroup;
			children = (
				E0D67EE0219E8B6700559CA6 /* Clipboard.entitlements */,
				E056F8F020CEE46C0025E2FE /* AppDelegate.swift */,
				E06AA135219D37BE0015A30F /* ClipboardManager.swift */,
				E056F8F420CEE46C0025E2FE /* Main.storyboard */,
				E06AA127219D31CE0015A30F /* MainTableViewController.swift */,
				E06AA129219D32500015A30F /* ClipTableViewCell.swift */,
				E06AA12F219D32DE0015A30F /* ClipViewController.swift */,
				E06AA131219D32F60015A30F /* EditClipTableViewController.swift */,
				E06AA133219D331E0015A30F /* SettingsTableViewController.swift */,
				E0CC277521AD9A04000FEF5A /* AboutTableViewController.swift */,
				E056F8FC20CEE46E0025E2FE /* LaunchScreen.storyboard */,
				E0F5BE0721A8BE9600422DC1 /* String+HTML.swift */,
				E056F8FA20CEE46E0025E2FE /* Assets.xcassets */,
				E056F8FF20CEE46E0025E2FE /* Info.plist */,
				E0D67EE2219E925600559CA6 /* DefaultClipboard.plist */,
				E056F8F720CEE46C0025E2FE /* Clipboard.xcdatamodeld */,
			);
			path = Clipboard;
			sourceTree = "<group>";
		};
/* End PBXGroup section */

/* Begin PBXNativeTarget section */
		E04106B9219D04F100DD68AD /* Clipboard Widget */ = {
			isa = PBXNativeTarget;
			buildConfigurationList = E04106C8219D04F100DD68AD /* Build configuration list for PBXNativeTarget "Clipboard Widget" */;
			buildPhases = (
				E04106B6219D04F100DD68AD /* Sources */,
				E04106B7219D04F100DD68AD /* Frameworks */,
				E04106B8219D04F100DD68AD /* Resources */,
			);
			buildRules = (
			);
			dependencies = (
			);
			name = "Clipboard Widget";
			productName = "Clipboard Widget";
			productReference = E04106BA219D04F100DD68AD /* Clipboard Widget.appex */;
			productType = "com.apple.product-type.app-extension";
		};
		E056F8EC20CEE46C0025E2FE /* Clipboard */ = {
			isa = PBXNativeTarget;
			buildConfigurationList = E056F90220CEE46E0025E2FE /* Build configuration list for PBXNativeTarget "Clipboard" */;
			buildPhases = (
				E056F8E920CEE46C0025E2FE /* Sources */,
				E056F8EA20CEE46C0025E2FE /* Frameworks */,
				E056F8EB20CEE46C0025E2FE /* Resources */,
				E04106CB219D04F100DD68AD /* Embed App Extensions */,
			);
			buildRules = (
			);
			dependencies = (
				E04106C6219D04F100DD68AD /* PBXTargetDependency */,
			);
			name = Clipboard;
			productName = "Clipboard Manager";
			productReference = E056F8ED20CEE46C0025E2FE /* Clipboard.app */;
			productType = "com.apple.product-type.application";
		};
/* End PBXNativeTarget section */

/* Begin PBXProject section */
		E056F8E520CEE46C0025E2FE /* Project object */ = {
			isa = PBXProject;
			attributes = {
				LastSwiftUpdateCheck = 0940;
				LastUpgradeCheck = 0930;
				ORGANIZATIONNAME = "William Wu";
				TargetAttributes = {
					E04106B9219D04F100DD68AD = {
						CreatedOnToolsVersion = 9.4.1;
						SystemCapabilities = {
							com.apple.ApplicationGroups.iOS = {
								enabled = 1;
							};
						};
					};
					E056F8EC20CEE46C0025E2FE = {
						CreatedOnToolsVersion = 9.3.1;
						SystemCapabilities = {
							com.apple.ApplicationGroups.iOS = {
								enabled = 1;
							};
						};
					};
				};
			};
			buildConfigurationList = E056F8E820CEE46C0025E2FE /* Build configuration list for PBXProject "Clipboard" */;
			compatibilityVersion = "Xcode 9.3";
			developmentRegion = en;
			hasScannedForEncodings = 0;
			knownRegions = (
				en,
				Base,
			);
			mainGroup = E056F8E420CEE46C0025E2FE;
			productRefGroup = E056F8EE20CEE46C0025E2FE /* Products */;
			projectDirPath = "";
			projectRoot = "";
			targets = (
				E056F8EC20CEE46C0025E2FE /* Clipboard */,
				E04106B9219D04F100DD68AD /* Clipboard Widget */,
			);
		};
/* End PBXProject section */

/* Begin PBXResourcesBuildPhase section */
		E04106B8219D04F100DD68AD /* Resources */ = {
			isa = PBXResourcesBuildPhase;
			buildActionMask = 2147483647;
			files = (
				E04106C3219D04F100DD68AD /* MainInterface.storyboard in Resources */,
				E0D67EE4219E925600559CA6 /* DefaultClipboard.plist in Resources */,
			);
			runOnlyForDeploymentPostprocessing = 0;
		};
		E056F8EB20CEE46C0025E2FE /* Resources */ = {
			isa = PBXResourcesBuildPhase;
			buildActionMask = 2147483647;
			files = (
				E056F8FE20CEE46E0025E2FE /* LaunchScreen.storyboard in Resources */,
				E0D67EE3219E925600559CA6 /* DefaultClipboard.plist in Resources */,
				E056F8FB20CEE46E0025E2FE /* Assets.xcassets in Resources */,
				E056F8F620CEE46C0025E2FE /* Main.storyboard in Resources */,
			);
			runOnlyForDeploymentPostprocessing = 0;
		};
/* End PBXResourcesBuildPhase section */

/* Begin PBXSourcesBuildPhase section */
		E04106B6219D04F100DD68AD /* Sources */ = {
			isa = PBXSourcesBuildPhase;
			buildActionMask = 2147483647;
			files = (
				E04106C0219D04F100DD68AD /* TodayViewController.swift in Sources */,
				E0858C3221A0F0240089AE53 /* Clip+CoreDataProperties.swift in Sources */,
				E0858C3021A0F0240089AE53 /* Clip+CoreDataClass.swift in Sources */,
			);
			runOnlyForDeploymentPostprocessing = 0;
		};
		E056F8E920CEE46C0025E2FE /* Sources */ = {
			isa = PBXSourcesBuildPhase;
			buildActionMask = 2147483647;
			files = (
				E0CC277621AD9A04000FEF5A /* AboutTableViewController.swift in Sources */,
				E056F8F920CEE46C0025E2FE /* Clipboard.xcdatamodeld in Sources */,
				E06AA130219D32DE0015A30F /* ClipViewController.swift in Sources */,
				E0F5BE0821A8BE9600422DC1 /* String+HTML.swift in Sources */,
				E06AA136219D37BE0015A30F /* ClipboardManager.swift in Sources */,
				E06AA132219D32F60015A30F /* EditClipTableViewController.swift in Sources */,
				E06AA128219D31CE0015A30F /* MainTableViewController.swift in Sources */,
				E0858C3121A0F0240089AE53 /* Clip+CoreDataProperties.swift in Sources */,
				E0858C2F21A0F0240089AE53 /* Clip+CoreDataClass.swift in Sources */,
				E06AA134219D331E0015A30F /* SettingsTableViewController.swift in Sources */,
				E06AA12A219D32500015A30F /* ClipTableViewCell.swift in Sources */,
				E056F8F120CEE46C0025E2FE /* AppDelegate.swift in Sources */,
			);
			runOnlyForDeploymentPostprocessing = 0;
		};
/* End PBXSourcesBuildPhase section */

/* Begin PBXTargetDependency section */
		E04106C6219D04F100DD68AD /* PBXTargetDependency */ = {
			isa = PBXTargetDependency;
			target = E04106B9219D04F100DD68AD /* Clipboard Widget */;
			targetProxy = E04106C5219D04F100DD68AD /* PBXContainerItemProxy */;
		};
/* End PBXTargetDependency section */

/* Begin PBXVariantGroup section */
		E04106C1219D04F100DD68AD /* MainInterface.storyboard */ = {
			isa = PBXVariantGroup;
			children = (
				E04106C2219D04F100DD68AD /* Base */,
			);
			name = MainInterface.storyboard;
			sourceTree = "<group>";
		};
		E056F8F420CEE46C0025E2FE /* Main.storyboard */ = {
			isa = PBXVariantGroup;
			children = (
				E056F8F520CEE46C0025E2FE /* Base */,
			);
			name = Main.storyboard;
			sourceTree = "<group>";
		};
		E056F8FC20CEE46E0025E2FE /* LaunchScreen.storyboard */ = {
			isa = PBXVariantGroup;
			children = (
				E056F8FD20CEE46E0025E2FE /* Base */,
			);
			name = LaunchScreen.storyboard;
			sourceTree = "<group>";
		};
/* End PBXVariantGroup section */

/* Begin XCBuildConfiguration section */
		E04106C9219D04F100DD68AD /* Debug */ = {
			isa = XCBuildConfiguration;
			buildSettings = {
				CODE_SIGN_ENTITLEMENTS = "Clipboard Widget/Clipboard Widget.entitlements";
				CODE_SIGN_STYLE = Automatic;
				DEVELOPMENT_TEAM = FFB5P5C3G7;
				INFOPLIST_FILE = "Clipboard Widget/Info.plist";
				IPHONEOS_DEPLOYMENT_TARGET = 11.4;
				LD_RUNPATH_SEARCH_PATHS = (
					"$(inherited)",
					"@executable_path/Frameworks",
					"@executable_path/../../Frameworks",
				);
				PRODUCT_BUNDLE_IDENTIFIER = "com.williamwu.Clipboard-Manager.Clipboard-Widget";
				PRODUCT_NAME = "$(TARGET_NAME)";
				SKIP_INSTALL = YES;
				SWIFT_VERSION = 4.0;
				TARGETED_DEVICE_FAMILY = "1,2";
			};
			name = Debug;
		};
		E04106CA219D04F100DD68AD /* Release */ = {
			isa = XCBuildConfiguration;
			buildSettings = {
				CODE_SIGN_ENTITLEMENTS = "Clipboard Widget/Clipboard Widget.entitlements";
				CODE_SIGN_STYLE = Automatic;
				DEVELOPMENT_TEAM = FFB5P5C3G7;
				INFOPLIST_FILE = "Clipboard Widget/Info.plist";
				IPHONEOS_DEPLOYMENT_TARGET = 11.4;
				LD_RUNPATH_SEARCH_PATHS = (
					"$(inherited)",
					"@executable_path/Frameworks",
					"@executable_path/../../Frameworks",
				);
				PRODUCT_BUNDLE_IDENTIFIER = "com.williamwu.Clipboard-Manager.Clipboard-Widget";
				PRODUCT_NAME = "$(TARGET_NAME)";
				SKIP_INSTALL = YES;
				SWIFT_VERSION = 4.0;
				TARGETED_DEVICE_FAMILY = "1,2";
			};
			name = Release;
		};
		E056F90020CEE46E0025E2FE /* Debug */ = {
			isa = XCBuildConfiguration;
			buildSettings = {
				ALWAYS_SEARCH_USER_PATHS = NO;
				CLANG_ANALYZER_NONNULL = YES;
				CLANG_ANALYZER_NUMBER_OBJECT_CONVERSION = YES_AGGRESSIVE;
				CLANG_CXX_LANGUAGE_STANDARD = "gnu++14";
				CLANG_CXX_LIBRARY = "libc++";
				CLANG_ENABLE_MODULES = YES;
				CLANG_ENABLE_OBJC_ARC = YES;
				CLANG_ENABLE_OBJC_WEAK = YES;
				CLANG_WARN_BLOCK_CAPTURE_AUTORELEASING = YES;
				CLANG_WARN_BOOL_CONVERSION = YES;
				CLANG_WARN_COMMA = YES;
				CLANG_WARN_CONSTANT_CONVERSION = YES;
				CLANG_WARN_DEPRECATED_OBJC_IMPLEMENTATIONS = YES;
				CLANG_WARN_DIRECT_OBJC_ISA_USAGE = YES_ERROR;
				CLANG_WARN_DOCUMENTATION_COMMENTS = YES;
				CLANG_WARN_EMPTY_BODY = YES;
				CLANG_WARN_ENUM_CONVERSION = YES;
				CLANG_WARN_INFINITE_RECURSION = YES;
				CLANG_WARN_INT_CONVERSION = YES;
				CLANG_WARN_NON_LITERAL_NULL_CONVERSION = YES;
				CLANG_WARN_OBJC_IMPLICIT_RETAIN_SELF = YES;
				CLANG_WARN_OBJC_LITERAL_CONVERSION = YES;
				CLANG_WARN_OBJC_ROOT_CLASS = YES_ERROR;
				CLANG_WARN_RANGE_LOOP_ANALYSIS = YES;
				CLANG_WARN_STRICT_PROTOTYPES = YES;
				CLANG_WARN_SUSPICIOUS_MOVE = YES;
				CLANG_WARN_UNGUARDED_AVAILABILITY = YES_AGGRESSIVE;
				CLANG_WARN_UNREACHABLE_CODE = YES;
				CLANG_WARN__DUPLICATE_METHOD_MATCH = YES;
				CODE_SIGN_IDENTITY = "iPhone Developer";
				COPY_PHASE_STRIP = NO;
				DEBUG_INFORMATION_FORMAT = dwarf;
				ENABLE_STRICT_OBJC_MSGSEND = YES;
				ENABLE_TESTABILITY = YES;
				GCC_C_LANGUAGE_STANDARD = gnu11;
				GCC_DYNAMIC_NO_PIC = NO;
				GCC_NO_COMMON_BLOCKS = YES;
				GCC_OPTIMIZATION_LEVEL = 0;
				GCC_PREPROCESSOR_DEFINITIONS = (
					"DEBUG=1",
					"$(inherited)",
				);
				GCC_WARN_64_TO_32_BIT_CONVERSION = YES;
				GCC_WARN_ABOUT_RETURN_TYPE = YES_ERROR;
				GCC_WARN_UNDECLARED_SELECTOR = YES;
				GCC_WARN_UNINITIALIZED_AUTOS = YES_AGGRESSIVE;
				GCC_WARN_UNUSED_FUNCTION = YES;
				GCC_WARN_UNUSED_VARIABLE = YES;
				IPHONEOS_DEPLOYMENT_TARGET = 11.3;
				MTL_ENABLE_DEBUG_INFO = YES;
				ONLY_ACTIVE_ARCH = YES;
				SDKROOT = iphoneos;
				SWIFT_ACTIVE_COMPILATION_CONDITIONS = DEBUG;
				SWIFT_OPTIMIZATION_LEVEL = "-Onone";
			};
			name = Debug;
		};
		E056F90120CEE46E0025E2FE /* Release */ = {
			isa = XCBuildConfiguration;
			buildSettings = {
				ALWAYS_SEARCH_USER_PATHS = NO;
				CLANG_ANALYZER_NONNULL = YES;
				CLANG_ANALYZER_NUMBER_OBJECT_CONVERSION = YES_AGGRESSIVE;
				CLANG_CXX_LANGUAGE_STANDARD = "gnu++14";
				CLANG_CXX_LIBRARY = "libc++";
				CLANG_ENABLE_MODULES = YES;
				CLANG_ENABLE_OBJC_ARC = YES;
				CLANG_ENABLE_OBJC_WEAK = YES;
				CLANG_WARN_BLOCK_CAPTURE_AUTORELEASING = YES;
				CLANG_WARN_BOOL_CONVERSION = YES;
				CLANG_WARN_COMMA = YES;
				CLANG_WARN_CONSTANT_CONVERSION = YES;
				CLANG_WARN_DEPRECATED_OBJC_IMPLEMENTATIONS = YES;
				CLANG_WARN_DIRECT_OBJC_ISA_USAGE = YES_ERROR;
				CLANG_WARN_DOCUMENTATION_COMMENTS = YES;
				CLANG_WARN_EMPTY_BODY = YES;
				CLANG_WARN_ENUM_CONVERSION = YES;
				CLANG_WARN_INFINITE_RECURSION = YES;
				CLANG_WARN_INT_CONVERSION = YES;
				CLANG_WARN_NON_LITERAL_NULL_CONVERSION = YES;
				CLANG_WARN_OBJC_IMPLICIT_RETAIN_SELF = YES;
				CLANG_WARN_OBJC_LITERAL_CONVERSION = YES;
				CLANG_WARN_OBJC_ROOT_CLASS = YES_ERROR;
				CLANG_WARN_RANGE_LOOP_ANALYSIS = YES;
				CLANG_WARN_STRICT_PROTOTYPES = YES;
				CLANG_WARN_SUSPICIOUS_MOVE = YES;
				CLANG_WARN_UNGUARDED_AVAILABILITY = YES_AGGRESSIVE;
				CLANG_WARN_UNREACHABLE_CODE = YES;
				CLANG_WARN__DUPLICATE_METHOD_MATCH = YES;
				CODE_SIGN_IDENTITY = "iPhone Developer";
				COPY_PHASE_STRIP = NO;
				DEBUG_INFORMATION_FORMAT = "dwarf-with-dsym";
				ENABLE_NS_ASSERTIONS = NO;
				ENABLE_STRICT_OBJC_MSGSEND = YES;
				GCC_C_LANGUAGE_STANDARD = gnu11;
				GCC_NO_COMMON_BLOCKS = YES;
				GCC_WARN_64_TO_32_BIT_CONVERSION = YES;
				GCC_WARN_ABOUT_RETURN_TYPE = YES_ERROR;
				GCC_WARN_UNDECLARED_SELECTOR = YES;
				GCC_WARN_UNINITIALIZED_AUTOS = YES_AGGRESSIVE;
				GCC_WARN_UNUSED_FUNCTION = YES;
				GCC_WARN_UNUSED_VARIABLE = YES;
				IPHONEOS_DEPLOYMENT_TARGET = 11.3;
				MTL_ENABLE_DEBUG_INFO = NO;
				SDKROOT = iphoneos;
				SWIFT_COMPILATION_MODE = wholemodule;
				SWIFT_OPTIMIZATION_LEVEL = "-O";
				VALIDATE_PRODUCT = YES;
			};
			name = Release;
		};
		E056F90320CEE46E0025E2FE /* Debug */ = {
			isa = XCBuildConfiguration;
			buildSettings = {
				ALWAYS_EMBED_SWIFT_STANDARD_LIBRARIES = YES;
				ASSETCATALOG_COMPILER_APPICON_NAME = AppIcon;
				CODE_SIGN_ENTITLEMENTS = Clipboard/Clipboard.entitlements;
				CODE_SIGN_STYLE = Automatic;
				DEVELOPMENT_TEAM = FFB5P5C3G7;
				INFOPLIST_FILE = "$(SRCROOT)/Clipboard/Info.plist";
				IPHONEOS_DEPLOYMENT_TARGET = 10.0;
				LD_RUNPATH_SEARCH_PATHS = (
					"$(inherited)",
					"@executable_path/Frameworks",
				);
				PRODUCT_BUNDLE_IDENTIFIER = "com.williamwu.Clipboard-Manager";
				PRODUCT_NAME = "$(TARGET_NAME)";
				SWIFT_VERSION = 4.0;
				TARGETED_DEVICE_FAMILY = "1,2";
			};
			name = Debug;
		};
		E056F90420CEE46E0025E2FE /* Release */ = {
			isa = XCBuildConfiguration;
			buildSettings = {
				ALWAYS_EMBED_SWIFT_STANDARD_LIBRARIES = YES;
				ASSETCATALOG_COMPILER_APPICON_NAME = AppIcon;
				CODE_SIGN_ENTITLEMENTS = Clipboard/Clipboard.entitlements;
				CODE_SIGN_STYLE = Automatic;
				DEVELOPMENT_TEAM = FFB5P5C3G7;
				INFOPLIST_FILE = "$(SRCROOT)/Clipboard/Info.plist";
				IPHONEOS_DEPLOYMENT_TARGET = 10.0;
				LD_RUNPATH_SEARCH_PATHS = (
					"$(inherited)",
					"@executable_path/Frameworks",
				);
				PRODUCT_BUNDLE_IDENTIFIER = "com.williamwu.Clipboard-Manager";
				PRODUCT_NAME = "$(TARGET_NAME)";
				SWIFT_VERSION = 4.0;
				TARGETED_DEVICE_FAMILY = "1,2";
			};
			name = Release;
		};
/* End XCBuildConfiguration section */

/* Begin XCConfigurationList section */
		E04106C8219D04F100DD68AD /* Build configuration list for PBXNativeTarget "Clipboard Widget" */ = {
			isa = XCConfigurationList;
			buildConfigurations = (
				E04106C9219D04F100DD68AD /* Debug */,
				E04106CA219D04F100DD68AD /* Release */,
			);
			defaultConfigurationIsVisible = 0;
			defaultConfigurationName = Release;
		};
		E056F8E820CEE46C0025E2FE /* Build configuration list for PBXProject "Clipboard" */ = {
			isa = XCConfigurationList;
			buildConfigurations = (
				E056F90020CEE46E0025E2FE /* Debug */,
				E056F90120CEE46E0025E2FE /* Release */,
			);
			defaultConfigurationIsVisible = 0;
			defaultConfigurationName = Release;
		};
		E056F90220CEE46E0025E2FE /* Build configuration list for PBXNativeTarget "Clipboard" */ = {
			isa = XCConfigurationList;
			buildConfigurations = (
				E056F90320CEE46E0025E2FE /* Debug */,
				E056F90420CEE46E0025E2FE /* Release */,
			);
			defaultConfigurationIsVisible = 0;
			defaultConfigurationName = Release;
		};
/* End XCConfigurationList section */

/* Begin XCVersionGroup section */
		E056F8F720CEE46C0025E2FE /* Clipboard.xcdatamodeld */ = {
			isa = XCVersionGroup;
			children = (
				E056F8F820CEE46C0025E2FE /* Clipboard_Manager.xcdatamodel */,
			);
			currentVersion = E056F8F820CEE46C0025E2FE /* Clipboard_Manager.xcdatamodel */;
			path = Clipboard.xcdatamodeld;
			sourceTree = "<group>";
			versionGroupType = wrapper.xcdatamodel;
		};
/* End XCVersionGroup section */
	};
	rootObject = E056F8E520CEE46C0025E2FE /* Project object */;
}
